// !$*UTF8*$!
{
	archiveVersion = 1;
	classes = {
	};
	objectVersion = 46;
	objects = {

/* Begin PBXBuildFile section */
		1E2E79F51E63E734D1BFE0B5 /* libPods-SmartTravelTests.a in Frameworks */ = {isa = PBXBuildFile; fileRef = 5EEEC9CCD391050A8D1BA199 /* libPods-SmartTravelTests.a */; };
		4203DDB91B0879350002D67F /* DateUtility.m in Sources */ = {isa = PBXBuildFile; fileRef = 4203DDB61B0879350002D67F /* DateUtility.m */; };
		4225F8341B081A4100C5A73F /* DBLocationAdapter.m in Sources */ = {isa = PBXBuildFile; fileRef = 4225F82E1B081A4100C5A73F /* DBLocationAdapter.m */; };
		4225F8361B081A4100C5A73F /* DBReasonAdapter.m in Sources */ = {isa = PBXBuildFile; fileRef = 4225F8321B081A4100C5A73F /* DBReasonAdapter.m */; };
		4225F8431B0829C200C5A73F /* DBConstants.m in Sources */ = {isa = PBXBuildFile; fileRef = 4225F83E1B0829C200C5A73F /* DBConstants.m */; };
		424859B41B874BC200C75F9F /* SystemConfiguration.framework in Frameworks */ = {isa = PBXBuildFile; fileRef = 424859B31B874BC200C75F9F /* SystemConfiguration.framework */; };
		42485BA21B87DFD700C75F9F /* Security.framework in Frameworks */ = {isa = PBXBuildFile; fileRef = 42485BA11B87DFD700C75F9F /* Security.framework */; };
		42485BA61B87EEB000C75F9F /* libFlurry_6.7.0.a in Frameworks */ = {isa = PBXBuildFile; fileRef = 42485BA51B87EEB000C75F9F /* libFlurry_6.7.0.a */; };
		425754B71B088BA20046433F /* 20150517013203-58195-data.gpx in Resources */ = {isa = PBXBuildFile; fileRef = 425754B61B088BA20046433F /* 20150517013203-58195-data.gpx */; };
		426BC42D1B9D3CD50094F509 /* VoicePromptInfo.m in Sources */ = {isa = PBXBuildFile; fileRef = 426BC42C1B9D3CD50094F509 /* VoicePromptInfo.m */; };
		426EC33A1B92D9AF00ED4BBA /* UIColor+ST.m in Sources */ = {isa = PBXBuildFile; fileRef = 426EC3391B92D9AF00ED4BBA /* UIColor+ST.m */; };
		426EC3461B92E67100ED4BBA /* HotspotListVC.m in Sources */ = {isa = PBXBuildFile; fileRef = 426EC3441B92E67100ED4BBA /* HotspotListVC.m */; };
		426EC3471B92E67100ED4BBA /* HotspotListVC.xib in Resources */ = {isa = PBXBuildFile; fileRef = 426EC3451B92E67100ED4BBA /* HotspotListVC.xib */; };
		4290A0AD1AF6050100CB46E5 /* HotSpotTableViewCell.m in Sources */ = {isa = PBXBuildFile; fileRef = 4290A0AB1AF6050100CB46E5 /* HotSpotTableViewCell.m */; };
		4290A0AE1AF6050100CB46E5 /* HotSpotTableViewCell.xib in Resources */ = {isa = PBXBuildFile; fileRef = 4290A0AC1AF6050100CB46E5 /* HotSpotTableViewCell.xib */; };
		42C6A8A61B0A0CEC00EE1518 /* HotSpot.m in Sources */ = {isa = PBXBuildFile; fileRef = 42C6A8A51B0A0CEC00EE1518 /* HotSpot.m */; };
		42C6A8B21B0A0FAC00EE1518 /* HotSpotDetailView.m in Sources */ = {isa = PBXBuildFile; fileRef = 42C6A8AD1B0A0FAC00EE1518 /* HotSpotDetailView.m */; };
		42C6A8B31B0A0FAC00EE1518 /* HotSpotDetailView.xib in Resources */ = {isa = PBXBuildFile; fileRef = 42C6A8AE1B0A0FAC00EE1518 /* HotSpotDetailView.xib */; };
		42C6A8B41B0A0FAC00EE1518 /* WarningView.m in Sources */ = {isa = PBXBuildFile; fileRef = 42C6A8B01B0A0FAC00EE1518 /* WarningView.m */; };
		42C6A8B51B0A0FAC00EE1518 /* WarningView.xib in Resources */ = {isa = PBXBuildFile; fileRef = 42C6A8B11B0A0FAC00EE1518 /* WarningView.xib */; };
		42C6A8C61B0A1B6300EE1518 /* HotSpotDetailViewBodyCell.m in Sources */ = {isa = PBXBuildFile; fileRef = 42C6A8C11B0A1B6300EE1518 /* HotSpotDetailViewBodyCell.m */; };
		42C6A8C71B0A1B6300EE1518 /* HotSpotDetailViewBodyCell.xib in Resources */ = {isa = PBXBuildFile; fileRef = 42C6A8C21B0A1B6300EE1518 /* HotSpotDetailViewBodyCell.xib */; };
		42C6A8C81B0A1B6300EE1518 /* HotSpotDetailViewHeaderCell.m in Sources */ = {isa = PBXBuildFile; fileRef = 42C6A8C41B0A1B6300EE1518 /* HotSpotDetailViewHeaderCell.m */; };
		42C6A8C91B0A1B6300EE1518 /* HotSpotDetailViewHeaderCell.xib in Resources */ = {isa = PBXBuildFile; fileRef = 42C6A8C51B0A1B6300EE1518 /* HotSpotDetailViewHeaderCell.xib */; };
		42E9F19A1BACE702000EAB39 /* ReasonInfo.m in Sources */ = {isa = PBXBuildFile; fileRef = 42E9F1991BACE702000EAB39 /* ReasonInfo.m */; };
		42E9F1A01BAD7FD2000EAB39 /* ShapeManager.m in Sources */ = {isa = PBXBuildFile; fileRef = 42E9F19F1BAD7FD2000EAB39 /* ShapeManager.m */; };
		42E9F1A31BAD840C000EAB39 /* LocationCoordinate.m in Sources */ = {isa = PBXBuildFile; fileRef = 42E9F1A21BAD840C000EAB39 /* LocationCoordinate.m */; };
		6613E4635B5E884F0B519EDB /* libPods-SmartTravel.a in Frameworks */ = {isa = PBXBuildFile; fileRef = 1FC29DFEB55D05F2F0E0316D /* libPods-SmartTravel.a */; };
		841EE2AE1B9482170022A067 /* STConstants.m in Sources */ = {isa = PBXBuildFile; fileRef = 841EE2AD1B9482170022A067 /* STConstants.m */; };
		84232CD41B2D7DE000E0BE11 /* afternoon rush hour.m4a in Resources */ = {isa = PBXBuildFile; fileRef = 84232CC71B2D7DE000E0BE11 /* afternoon rush hour.m4a */; };
		84232CD51B2D7DE000E0BE11 /* attention high risk collision area.m4a in Resources */ = {isa = PBXBuildFile; fileRef = 84232CC81B2D7DE000E0BE11 /* attention high risk collision area.m4a */; };
		84232CD61B2D7DE000E0BE11 /* Cyclist.m4a in Resources */ = {isa = PBXBuildFile; fileRef = 84232CC91B2D7DE000E0BE11 /* Cyclist.m4a */; };
		84232CD71B2D7DE000E0BE11 /* Improper lane change.m4a in Resources */ = {isa = PBXBuildFile; fileRef = 84232CCA1B2D7DE000E0BE11 /* Improper lane change.m4a */; };
		84232CD81B2D7DE000E0BE11 /* increase the gap.m4a in Resources */ = {isa = PBXBuildFile; fileRef = 84232CCB1B2D7DE000E0BE11 /* increase the gap.m4a */; };
		84232CD91B2D7DE000E0BE11 /* Morning rush hour.m4a in Resources */ = {isa = PBXBuildFile; fileRef = 84232CCC1B2D7DE000E0BE11 /* Morning rush hour.m4a */; };
		84232CDA1B2D7DE000E0BE11 /* Motorcyclist.m4a in Resources */ = {isa = PBXBuildFile; fileRef = 84232CCD1B2D7DE000E0BE11 /* Motorcyclist.m4a */; };
		84232CDB1B2D7DE000E0BE11 /* Pedestrians.m4a in Resources */ = {isa = PBXBuildFile; fileRef = 84232CCE1B2D7DE000E0BE11 /* Pedestrians.m4a */; };
		84232CDC1B2D7DE000E0BE11 /* Ran off road.m4a in Resources */ = {isa = PBXBuildFile; fileRef = 84232CCF1B2D7DE000E0BE11 /* Ran off road.m4a */; };
		84232CDD1B2D7DE000E0BE11 /* Red-light running.m4a in Resources */ = {isa = PBXBuildFile; fileRef = 84232CD01B2D7DE000E0BE11 /* Red-light running.m4a */; };
		84232CDE1B2D7DE000E0BE11 /* School zone.m4a in Resources */ = {isa = PBXBuildFile; fileRef = 84232CD11B2D7DE000E0BE11 /* School zone.m4a */; };
		84232CDF1B2D7DE000E0BE11 /* Stop sign violation.m4a in Resources */ = {isa = PBXBuildFile; fileRef = 84232CD21B2D7DE000E0BE11 /* Stop sign violation.m4a */; };
		84232CE01B2D7DE000E0BE11 /* weekend early morning.m4a in Resources */ = {isa = PBXBuildFile; fileRef = 84232CD31B2D7DE000E0BE11 /* weekend early morning.m4a */; };
		8475E8651B1218FB000E0AD5 /* smartTravel.sqlite in Resources */ = {isa = PBXBuildFile; fileRef = 8475E8641B1218FB000E0AD5 /* smartTravel.sqlite */; };
		849289AF1B7733C900837FF7 /* DataUpdateVC.m in Sources */ = {isa = PBXBuildFile; fileRef = 849289AD1B7733C900837FF7 /* DataUpdateVC.m */; };
		849289B01B7733C900837FF7 /* DataUpdateVC.xib in Resources */ = {isa = PBXBuildFile; fileRef = 849289AE1B7733C900837FF7 /* DataUpdateVC.xib */; };
		849DE7D51B7B825400B1FA3D /* NoInterfereVC.m in Sources */ = {isa = PBXBuildFile; fileRef = 849DE7D31B7B825400B1FA3D /* NoInterfereVC.m */; };
		849DE7D61B7B825400B1FA3D /* NoInterfereVC.xib in Resources */ = {isa = PBXBuildFile; fileRef = 849DE7D41B7B825400B1FA3D /* NoInterfereVC.xib */; };
		84A5BC511B7DFACC001EAECB /* AppSettingManager.m in Sources */ = {isa = PBXBuildFile; fileRef = 84A5BC461B7DFACC001EAECB /* AppSettingManager.m */; };
		84A5BC521B7DFACC001EAECB /* AudioManager.m in Sources */ = {isa = PBXBuildFile; fileRef = 84A5BC481B7DFACC001EAECB /* AudioManager.m */; };
		84A5BC531B7DFACC001EAECB /* LocationRecordManager.m in Sources */ = {isa = PBXBuildFile; fileRef = 84A5BC4A1B7DFACC001EAECB /* LocationRecordManager.m */; };
		84A5BC541B7DFACC001EAECB /* MapModeManager.m in Sources */ = {isa = PBXBuildFile; fileRef = 84A5BC4C1B7DFACC001EAECB /* MapModeManager.m */; };
		84A5BC551B7DFACC001EAECB /* ResourceManager.m in Sources */ = {isa = PBXBuildFile; fileRef = 84A5BC4E1B7DFACC001EAECB /* ResourceManager.m */; };
		84A5BC561B7DFACC001EAECB /* StateMachine.m in Sources */ = {isa = PBXBuildFile; fileRef = 84A5BC501B7DFACC001EAECB /* StateMachine.m */; };
		84AC4A571B7D680A00842F88 /* Queue.m in Sources */ = {isa = PBXBuildFile; fileRef = 84AC4A561B7D680A00842F88 /* Queue.m */; };
		84AC4A5A1B7D6C4600842F88 /* LocationRecord.m in Sources */ = {isa = PBXBuildFile; fileRef = 84AC4A591B7D6C4600842F88 /* LocationRecord.m */; };
		84DB0BA41B9C7FBE00938F60 /* DateUtility.m in Sources */ = {isa = PBXBuildFile; fileRef = 4203DDB61B0879350002D67F /* DateUtility.m */; };
		84DB0BA61B9C7FDC00938F60 /* DateUtilityTC.m in Sources */ = {isa = PBXBuildFile; fileRef = 84DB0BA51B9C7FDC00938F60 /* DateUtilityTC.m */; };
		84F38DDC1B0FE86C00A0EB42 /* DBVersionAdapter.m in Sources */ = {isa = PBXBuildFile; fileRef = 84F38DDB1B0FE86C00A0EB42 /* DBVersionAdapter.m */; };
		84F38DDE1B0FF36500A0EB42 /* AVFoundation.framework in Frameworks */ = {isa = PBXBuildFile; fileRef = 84F38DDD1B0FF36500A0EB42 /* AVFoundation.framework */; };
		84F38DE11B1000E100A0EB42 /* DBDayTypeAdapter.m in Sources */ = {isa = PBXBuildFile; fileRef = 84F38DE01B1000E100A0EB42 /* DBDayTypeAdapter.m */; };
		84F38DF21B102B3300A0EB42 /* Marker.m in Sources */ = {isa = PBXBuildFile; fileRef = 84F38DF11B102B3300A0EB42 /* Marker.m */; };
		84F38DF81B108D0900A0EB42 /* AppLocationManager.m in Sources */ = {isa = PBXBuildFile; fileRef = 84F38DF71B108D0900A0EB42 /* AppLocationManager.m */; };
		8F0DC9121BC1294800BE6496 /* constant.plist in Resources */ = {isa = PBXBuildFile; fileRef = 8F0DC9111BC1294800BE6496 /* constant.plist */; };
		8F1E645B1BE247EA00E1DE37 /* template.sqlite in Resources */ = {isa = PBXBuildFile; fileRef = 8F1E645A1BE247EA00E1DE37 /* template.sqlite */; };
		8F44EBB91BB58629005A9E0B /* LocationCoordinate.m in Sources */ = {isa = PBXBuildFile; fileRef = 42E9F1A21BAD840C000EAB39 /* LocationCoordinate.m */; };
		8F44EBBB1BB58676005A9E0B /* LocationArrayParseTC.m in Sources */ = {isa = PBXBuildFile; fileRef = 8F44EBBA1BB58676005A9E0B /* LocationArrayParseTC.m */; };
		8FE05CEC1BB63F0A00118F2A /* DBSchoolAdapter.m in Sources */ = {isa = PBXBuildFile; fileRef = 8FE05CEB1BB63F0A00118F2A /* DBSchoolAdapter.m */; };
		8FE05CEF1BB79AFB00118F2A /* MarkerManagerFactory.m in Sources */ = {isa = PBXBuildFile; fileRef = 8FE05CEE1BB79AFB00118F2A /* MarkerManagerFactory.m */; };
		8FE05CF21BB7DF8F00118F2A /* SchoolMarkerManager.m in Sources */ = {isa = PBXBuildFile; fileRef = 8FE05CF11BB7DF8F00118F2A /* SchoolMarkerManager.m */; };
		8FE05CF51BB7DFAD00118F2A /* CollisionMarkerManager.m in Sources */ = {isa = PBXBuildFile; fileRef = 8FE05CF41BB7DFAD00118F2A /* CollisionMarkerManager.m */; };
		8FE05CF81BB7E68600118F2A /* LayerManager.m in Sources */ = {isa = PBXBuildFile; fileRef = 8FE05CF71BB7E68600118F2A /* LayerManager.m */; };
		8FEFC8191BB8103E00A2F922 /* SchoolShapeManager.m in Sources */ = {isa = PBXBuildFile; fileRef = 8FEFC8181BB8103E00A2F922 /* SchoolShapeManager.m */; };
		8FEFC81C1BB810E300A2F922 /* CollisionShapeManager.m in Sources */ = {isa = PBXBuildFile; fileRef = 8FEFC81B1BB810E300A2F922 /* CollisionShapeManager.m */; };
		8FEFC81F1BB8156900A2F922 /* ShapeManagerFactory.m in Sources */ = {isa = PBXBuildFile; fileRef = 8FEFC81E1BB8156900A2F922 /* ShapeManagerFactory.m */; };
		9B295C0A1ADFF0B200758837 /* FirstLaunch.storyboard in Resources */ = {isa = PBXBuildFile; fileRef = 9B295C081ADFF0B200758837 /* FirstLaunch.storyboard */; };
		9B5EE8641AF3EEE600524F4A /* default.gpx in Resources */ = {isa = PBXBuildFile; fileRef = 9B5EE8631AF3EEE600524F4A /* default.gpx */; };
		9B6A85B11ADFDEFF00667170 /* main.m in Sources */ = {isa = PBXBuildFile; fileRef = 9B6A85B01ADFDEFF00667170 /* main.m */; };
		9B6A85B41ADFDEFF00667170 /* AppDelegate.m in Sources */ = {isa = PBXBuildFile; fileRef = 9B6A85B31ADFDEFF00667170 /* AppDelegate.m */; };
		9B6A85BA1ADFDF0000667170 /* Main.storyboard in Resources */ = {isa = PBXBuildFile; fileRef = 9B6A85B81ADFDF0000667170 /* Main.storyboard */; };
		9B6A85BC1ADFDF0000667170 /* Images.xcassets in Resources */ = {isa = PBXBuildFile; fileRef = 9B6A85BB1ADFDF0000667170 /* Images.xcassets */; };
		9B6A85BF1ADFDF0000667170 /* LaunchScreen.xib in Resources */ = {isa = PBXBuildFile; fileRef = 9B6A85BD1ADFDF0000667170 /* LaunchScreen.xib */; };
		9B6C7DA31AF4FFA300DF6FA9 /* testDb.sqlite in Resources */ = {isa = PBXBuildFile; fileRef = 9B6C7DA21AF4FFA300DF6FA9 /* testDb.sqlite */; };
		9B6C7DA81AF500C500DF6FA9 /* DBManager.m in Sources */ = {isa = PBXBuildFile; fileRef = 9B6C7DA71AF500C500DF6FA9 /* DBManager.m */; };
		9B7E59511AE37FD10008D25C /* TermUsage.m in Sources */ = {isa = PBXBuildFile; fileRef = 9B7E59501AE37FD10008D25C /* TermUsage.m */; };
		9B7E59551AE3882A0008D25C /* GuideViewController.m in Sources */ = {isa = PBXBuildFile; fileRef = 9B7E59531AE3882A0008D25C /* GuideViewController.m */; };
		9B7E595B1AE38F610008D25C /* MapKit.framework in Frameworks */ = {isa = PBXBuildFile; fileRef = 9B7E595A1AE38F610008D25C /* MapKit.framework */; };
		9B7E595D1AE38F660008D25C /* CoreLocation.framework in Frameworks */ = {isa = PBXBuildFile; fileRef = 9B7E595C1AE38F660008D25C /* CoreLocation.framework */; };
		9B7E59601AE3966F0008D25C /* HomeViewController.m in Sources */ = {isa = PBXBuildFile; fileRef = 9B7E595F1AE3966F0008D25C /* HomeViewController.m */; };
		9B812DD91AEB3E9D008F17B6 /* ReasonListVC.m in Sources */ = {isa = PBXBuildFile; fileRef = 9B812DD81AEB3E9D008F17B6 /* ReasonListVC.m */; };
		9B812DDC1AEB3EB7008F17B6 /* SettingsViewController.m in Sources */ = {isa = PBXBuildFile; fileRef = 9B812DDB1AEB3EB7008F17B6 /* SettingsViewController.m */; };
		9BC3392F1AE296250046AAB5 /* termofusage.html in Resources */ = {isa = PBXBuildFile; fileRef = 9BC3392E1AE296250046AAB5 /* termofusage.html */; };
		9BC461CD1BEE5A860011354F /* drive.gpx in Resources */ = {isa = PBXBuildFile; fileRef = 9BC461CC1BEE5A860011354F /* drive.gpx */; };
		9BCEBC791ADFF317003C9F05 /* TermOfUsageViewController.m in Sources */ = {isa = PBXBuildFile; fileRef = 9BCEBC781ADFF317003C9F05 /* TermOfUsageViewController.m */; };
		9BDBCA461AF8EEE600F23275 /* MarkerManager.m in Sources */ = {isa = PBXBuildFile; fileRef = 9BDBCA451AF8EEE600F23275 /* MarkerManager.m */; };
		9BF1281A1AFE537D008E72DA /* Direction.m in Sources */ = {isa = PBXBuildFile; fileRef = 9BF128191AFE537D008E72DA /* Direction.m */; };
/* End PBXBuildFile section */

/* Begin PBXContainerItemProxy section */
		9B6A85C51ADFDF0000667170 /* PBXContainerItemProxy */ = {
			isa = PBXContainerItemProxy;
			containerPortal = 9B6A85A31ADFDEFF00667170 /* Project object */;
			proxyType = 1;
			remoteGlobalIDString = 9B6A85AA1ADFDEFF00667170;
			remoteInfo = SmartTravel;
		};
/* End PBXContainerItemProxy section */

/* Begin PBXFileReference section */
		171AC3DFEC430AD99FCFEE1E /* Pods-SmartTravelTests.debug.xcconfig */ = {isa = PBXFileReference; includeInIndex = 1; lastKnownFileType = text.xcconfig; name = "Pods-SmartTravelTests.debug.xcconfig"; path = "Pods/Target Support Files/Pods-SmartTravelTests/Pods-SmartTravelTests.debug.xcconfig"; sourceTree = "<group>"; };
		1FC29DFEB55D05F2F0E0316D /* libPods-SmartTravel.a */ = {isa = PBXFileReference; explicitFileType = archive.ar; includeInIndex = 0; path = "libPods-SmartTravel.a"; sourceTree = BUILT_PRODUCTS_DIR; };
		3B0D027AB13F8856B8F4BA29 /* Pods-SmartTravel.debug.xcconfig */ = {isa = PBXFileReference; includeInIndex = 1; lastKnownFileType = text.xcconfig; name = "Pods-SmartTravel.debug.xcconfig"; path = "Pods/Target Support Files/Pods-SmartTravel/Pods-SmartTravel.debug.xcconfig"; sourceTree = "<group>"; };
		4203DDB51B0879350002D67F /* DateUtility.h */ = {isa = PBXFileReference; fileEncoding = 4; lastKnownFileType = sourcecode.c.h; name = DateUtility.h; path = Model/Utility/DateUtility.h; sourceTree = "<group>"; };
		4203DDB61B0879350002D67F /* DateUtility.m */ = {isa = PBXFileReference; fileEncoding = 4; lastKnownFileType = sourcecode.c.objc; name = DateUtility.m; path = Model/Utility/DateUtility.m; sourceTree = "<group>"; };
		4225F82D1B081A4100C5A73F /* DBLocationAdapter.h */ = {isa = PBXFileReference; fileEncoding = 4; lastKnownFileType = sourcecode.c.h; name = DBLocationAdapter.h; path = Model/DBAdapter/DBLocationAdapter.h; sourceTree = "<group>"; };
		4225F82E1B081A4100C5A73F /* DBLocationAdapter.m */ = {isa = PBXFileReference; fileEncoding = 4; lastKnownFileType = sourcecode.c.objc; name = DBLocationAdapter.m; path = Model/DBAdapter/DBLocationAdapter.m; sourceTree = "<group>"; };
		4225F8311B081A4100C5A73F /* DBReasonAdapter.h */ = {isa = PBXFileReference; fileEncoding = 4; lastKnownFileType = sourcecode.c.h; name = DBReasonAdapter.h; path = Model/DBAdapter/DBReasonAdapter.h; sourceTree = "<group>"; };
		4225F8321B081A4100C5A73F /* DBReasonAdapter.m */ = {isa = PBXFileReference; fileEncoding = 4; lastKnownFileType = sourcecode.c.objc; name = DBReasonAdapter.m; path = Model/DBAdapter/DBReasonAdapter.m; sourceTree = "<group>"; };
		4225F83D1B0829C200C5A73F /* DBConstants.h */ = {isa = PBXFileReference; fileEncoding = 4; lastKnownFileType = sourcecode.c.h; name = DBConstants.h; path = Model/DBConstants.h; sourceTree = "<group>"; };
		4225F83E1B0829C200C5A73F /* DBConstants.m */ = {isa = PBXFileReference; fileEncoding = 4; lastKnownFileType = sourcecode.c.objc; name = DBConstants.m; path = Model/DBConstants.m; sourceTree = "<group>"; };
		424859B31B874BC200C75F9F /* SystemConfiguration.framework */ = {isa = PBXFileReference; lastKnownFileType = wrapper.framework; name = SystemConfiguration.framework; path = System/Library/Frameworks/SystemConfiguration.framework; sourceTree = SDKROOT; };
		42485BA11B87DFD700C75F9F /* Security.framework */ = {isa = PBXFileReference; lastKnownFileType = wrapper.framework; name = Security.framework; path = System/Library/Frameworks/Security.framework; sourceTree = SDKROOT; };
		42485BA31B87EEB000C75F9F /* Flurry.h */ = {isa = PBXFileReference; fileEncoding = 4; lastKnownFileType = sourcecode.c.h; name = Flurry.h; path = SmartTravel/3rdParty/Flurry/Flurry.h; sourceTree = SOURCE_ROOT; };
		42485BA41B87EEB000C75F9F /* FlurryWatch.h */ = {isa = PBXFileReference; fileEncoding = 4; lastKnownFileType = sourcecode.c.h; name = FlurryWatch.h; path = SmartTravel/3rdParty/Flurry/FlurryWatch.h; sourceTree = SOURCE_ROOT; };
		42485BA51B87EEB000C75F9F /* libFlurry_6.7.0.a */ = {isa = PBXFileReference; lastKnownFileType = archive.ar; name = libFlurry_6.7.0.a; path = SmartTravel/3rdParty/Flurry/libFlurry_6.7.0.a; sourceTree = SOURCE_ROOT; };
		425754B61B088BA20046433F /* 20150517013203-58195-data.gpx */ = {isa = PBXFileReference; fileEncoding = 4; lastKnownFileType = text.xml; name = "20150517013203-58195-data.gpx"; path = "Test/GPX/20150517013203-58195-data.gpx"; sourceTree = "<group>"; };
		426BC42B1B9D3CD50094F509 /* VoicePromptInfo.h */ = {isa = PBXFileReference; fileEncoding = 4; lastKnownFileType = sourcecode.c.h; name = VoicePromptInfo.h; path = Model/VoicePromptInfo.h; sourceTree = "<group>"; };
		426BC42C1B9D3CD50094F509 /* VoicePromptInfo.m */ = {isa = PBXFileReference; fileEncoding = 4; lastKnownFileType = sourcecode.c.objc; name = VoicePromptInfo.m; path = Model/VoicePromptInfo.m; sourceTree = "<group>"; };
		426EC3381B92D9AF00ED4BBA /* UIColor+ST.h */ = {isa = PBXFileReference; fileEncoding = 4; lastKnownFileType = sourcecode.c.h; name = "UIColor+ST.h"; path = "Singleton/UIColor+ST.h"; sourceTree = "<group>"; };
		426EC3391B92D9AF00ED4BBA /* UIColor+ST.m */ = {isa = PBXFileReference; fileEncoding = 4; lastKnownFileType = sourcecode.c.objc; name = "UIColor+ST.m"; path = "Singleton/UIColor+ST.m"; sourceTree = "<group>"; };
		426EC3431B92E67100ED4BBA /* HotspotListVC.h */ = {isa = PBXFileReference; fileEncoding = 4; lastKnownFileType = sourcecode.c.h; name = HotspotListVC.h; path = Controller/HotspotListVC.h; sourceTree = "<group>"; };
		426EC3441B92E67100ED4BBA /* HotspotListVC.m */ = {isa = PBXFileReference; fileEncoding = 4; lastKnownFileType = sourcecode.c.objc; name = HotspotListVC.m; path = Controller/HotspotListVC.m; sourceTree = "<group>"; };
		426EC3451B92E67100ED4BBA /* HotspotListVC.xib */ = {isa = PBXFileReference; fileEncoding = 4; lastKnownFileType = file.xib; name = HotspotListVC.xib; path = Controller/HotspotListVC.xib; sourceTree = "<group>"; };
		4290A0AA1AF6050100CB46E5 /* HotSpotTableViewCell.h */ = {isa = PBXFileReference; fileEncoding = 4; lastKnownFileType = sourcecode.c.h; path = HotSpotTableViewCell.h; sourceTree = "<group>"; };
		4290A0AB1AF6050100CB46E5 /* HotSpotTableViewCell.m */ = {isa = PBXFileReference; fileEncoding = 4; lastKnownFileType = sourcecode.c.objc; path = HotSpotTableViewCell.m; sourceTree = "<group>"; };
		4290A0AC1AF6050100CB46E5 /* HotSpotTableViewCell.xib */ = {isa = PBXFileReference; fileEncoding = 4; lastKnownFileType = file.xib; path = HotSpotTableViewCell.xib; sourceTree = "<group>"; };
		42C6A8A41B0A0CEC00EE1518 /* HotSpot.h */ = {isa = PBXFileReference; fileEncoding = 4; lastKnownFileType = sourcecode.c.h; name = HotSpot.h; path = Model/HotSpot.h; sourceTree = "<group>"; };
		42C6A8A51B0A0CEC00EE1518 /* HotSpot.m */ = {isa = PBXFileReference; fileEncoding = 4; lastKnownFileType = sourcecode.c.objc; name = HotSpot.m; path = Model/HotSpot.m; sourceTree = "<group>"; };
		42C6A8AC1B0A0FAC00EE1518 /* HotSpotDetailView.h */ = {isa = PBXFileReference; fileEncoding = 4; lastKnownFileType = sourcecode.c.h; name = HotSpotDetailView.h; path = View/HotSpotDetailView.h; sourceTree = "<group>"; };
		42C6A8AD1B0A0FAC00EE1518 /* HotSpotDetailView.m */ = {isa = PBXFileReference; fileEncoding = 4; lastKnownFileType = sourcecode.c.objc; name = HotSpotDetailView.m; path = View/HotSpotDetailView.m; sourceTree = "<group>"; };
		42C6A8AE1B0A0FAC00EE1518 /* HotSpotDetailView.xib */ = {isa = PBXFileReference; fileEncoding = 4; lastKnownFileType = file.xib; name = HotSpotDetailView.xib; path = View/HotSpotDetailView.xib; sourceTree = "<group>"; };
		42C6A8AF1B0A0FAC00EE1518 /* WarningView.h */ = {isa = PBXFileReference; fileEncoding = 4; lastKnownFileType = sourcecode.c.h; name = WarningView.h; path = View/WarningView.h; sourceTree = "<group>"; };
		42C6A8B01B0A0FAC00EE1518 /* WarningView.m */ = {isa = PBXFileReference; fileEncoding = 4; lastKnownFileType = sourcecode.c.objc; name = WarningView.m; path = View/WarningView.m; sourceTree = "<group>"; };
		42C6A8B11B0A0FAC00EE1518 /* WarningView.xib */ = {isa = PBXFileReference; fileEncoding = 4; lastKnownFileType = file.xib; name = WarningView.xib; path = View/WarningView.xib; sourceTree = "<group>"; };
		42C6A8C01B0A1B6300EE1518 /* HotSpotDetailViewBodyCell.h */ = {isa = PBXFileReference; fileEncoding = 4; lastKnownFileType = sourcecode.c.h; name = HotSpotDetailViewBodyCell.h; path = View/HotSpotDetailViewBodyCell.h; sourceTree = "<group>"; };
		42C6A8C11B0A1B6300EE1518 /* HotSpotDetailViewBodyCell.m */ = {isa = PBXFileReference; fileEncoding = 4; lastKnownFileType = sourcecode.c.objc; name = HotSpotDetailViewBodyCell.m; path = View/HotSpotDetailViewBodyCell.m; sourceTree = "<group>"; };
		42C6A8C21B0A1B6300EE1518 /* HotSpotDetailViewBodyCell.xib */ = {isa = PBXFileReference; fileEncoding = 4; lastKnownFileType = file.xib; name = HotSpotDetailViewBodyCell.xib; path = View/HotSpotDetailViewBodyCell.xib; sourceTree = "<group>"; };
		42C6A8C31B0A1B6300EE1518 /* HotSpotDetailViewHeaderCell.h */ = {isa = PBXFileReference; fileEncoding = 4; lastKnownFileType = sourcecode.c.h; name = HotSpotDetailViewHeaderCell.h; path = View/HotSpotDetailViewHeaderCell.h; sourceTree = "<group>"; };
		42C6A8C41B0A1B6300EE1518 /* HotSpotDetailViewHeaderCell.m */ = {isa = PBXFileReference; fileEncoding = 4; lastKnownFileType = sourcecode.c.objc; name = HotSpotDetailViewHeaderCell.m; path = View/HotSpotDetailViewHeaderCell.m; sourceTree = "<group>"; };
		42C6A8C51B0A1B6300EE1518 /* HotSpotDetailViewHeaderCell.xib */ = {isa = PBXFileReference; fileEncoding = 4; lastKnownFileType = file.xib; name = HotSpotDetailViewHeaderCell.xib; path = View/HotSpotDetailViewHeaderCell.xib; sourceTree = "<group>"; };
		42E9F1981BACE702000EAB39 /* ReasonInfo.h */ = {isa = PBXFileReference; fileEncoding = 4; lastKnownFileType = sourcecode.c.h; name = ReasonInfo.h; path = ViewModel/ReasonInfo.h; sourceTree = "<group>"; };
		42E9F1991BACE702000EAB39 /* ReasonInfo.m */ = {isa = PBXFileReference; fileEncoding = 4; lastKnownFileType = sourcecode.c.objc; name = ReasonInfo.m; path = ViewModel/ReasonInfo.m; sourceTree = "<group>"; };
		42E9F19E1BAD7FD2000EAB39 /* ShapeManager.h */ = {isa = PBXFileReference; fileEncoding = 4; lastKnownFileType = sourcecode.c.h; name = ShapeManager.h; path = ViewModel/ShapeManager.h; sourceTree = "<group>"; };
		42E9F19F1BAD7FD2000EAB39 /* ShapeManager.m */ = {isa = PBXFileReference; fileEncoding = 4; lastKnownFileType = sourcecode.c.objc; name = ShapeManager.m; path = ViewModel/ShapeManager.m; sourceTree = "<group>"; };
		42E9F1A11BAD840C000EAB39 /* LocationCoordinate.h */ = {isa = PBXFileReference; fileEncoding = 4; lastKnownFileType = sourcecode.c.h; name = LocationCoordinate.h; path = Model/LocationCoordinate.h; sourceTree = "<group>"; };
		42E9F1A21BAD840C000EAB39 /* LocationCoordinate.m */ = {isa = PBXFileReference; fileEncoding = 4; lastKnownFileType = sourcecode.c.objc; name = LocationCoordinate.m; path = Model/LocationCoordinate.m; sourceTree = "<group>"; };
		5EEEC9CCD391050A8D1BA199 /* libPods-SmartTravelTests.a */ = {isa = PBXFileReference; explicitFileType = archive.ar; includeInIndex = 0; path = "libPods-SmartTravelTests.a"; sourceTree = BUILT_PRODUCTS_DIR; };
		6928DA7D73FEF35E1EBF313F /* Pods-SmartTravel.release.xcconfig */ = {isa = PBXFileReference; includeInIndex = 1; lastKnownFileType = text.xcconfig; name = "Pods-SmartTravel.release.xcconfig"; path = "Pods/Target Support Files/Pods-SmartTravel/Pods-SmartTravel.release.xcconfig"; sourceTree = "<group>"; };
		841EE2AC1B9482170022A067 /* STConstants.h */ = {isa = PBXFileReference; fileEncoding = 4; lastKnownFileType = sourcecode.c.h; name = STConstants.h; path = Singleton/STConstants.h; sourceTree = "<group>"; };
		841EE2AD1B9482170022A067 /* STConstants.m */ = {isa = PBXFileReference; fileEncoding = 4; lastKnownFileType = sourcecode.c.objc; name = STConstants.m; path = Singleton/STConstants.m; sourceTree = "<group>"; };
		84232CC71B2D7DE000E0BE11 /* afternoon rush hour.m4a */ = {isa = PBXFileReference; lastKnownFileType = file; name = "afternoon rush hour.m4a"; path = "Resource/M4a/afternoon rush hour.m4a"; sourceTree = "<group>"; };
		84232CC81B2D7DE000E0BE11 /* attention high risk collision area.m4a */ = {isa = PBXFileReference; lastKnownFileType = file; name = "attention high risk collision area.m4a"; path = "Resource/M4a/attention high risk collision area.m4a"; sourceTree = "<group>"; };
		84232CC91B2D7DE000E0BE11 /* Cyclist.m4a */ = {isa = PBXFileReference; lastKnownFileType = file; name = Cyclist.m4a; path = Resource/M4a/Cyclist.m4a; sourceTree = "<group>"; };
		84232CCA1B2D7DE000E0BE11 /* Improper lane change.m4a */ = {isa = PBXFileReference; lastKnownFileType = file; name = "Improper lane change.m4a"; path = "Resource/M4a/Improper lane change.m4a"; sourceTree = "<group>"; };
		84232CCB1B2D7DE000E0BE11 /* increase the gap.m4a */ = {isa = PBXFileReference; lastKnownFileType = file; name = "increase the gap.m4a"; path = "Resource/M4a/increase the gap.m4a"; sourceTree = "<group>"; };
		84232CCC1B2D7DE000E0BE11 /* Morning rush hour.m4a */ = {isa = PBXFileReference; lastKnownFileType = file; name = "Morning rush hour.m4a"; path = "Resource/M4a/Morning rush hour.m4a"; sourceTree = "<group>"; };
		84232CCD1B2D7DE000E0BE11 /* Motorcyclist.m4a */ = {isa = PBXFileReference; lastKnownFileType = file; name = Motorcyclist.m4a; path = Resource/M4a/Motorcyclist.m4a; sourceTree = "<group>"; };
		84232CCE1B2D7DE000E0BE11 /* Pedestrians.m4a */ = {isa = PBXFileReference; lastKnownFileType = file; name = Pedestrians.m4a; path = Resource/M4a/Pedestrians.m4a; sourceTree = "<group>"; };
		84232CCF1B2D7DE000E0BE11 /* Ran off road.m4a */ = {isa = PBXFileReference; lastKnownFileType = file; name = "Ran off road.m4a"; path = "Resource/M4a/Ran off road.m4a"; sourceTree = "<group>"; };
		84232CD01B2D7DE000E0BE11 /* Red-light running.m4a */ = {isa = PBXFileReference; lastKnownFileType = file; name = "Red-light running.m4a"; path = "Resource/M4a/Red-light running.m4a"; sourceTree = "<group>"; };
		84232CD11B2D7DE000E0BE11 /* School zone.m4a */ = {isa = PBXFileReference; lastKnownFileType = file; name = "School zone.m4a"; path = "Resource/M4a/School zone.m4a"; sourceTree = "<group>"; };
		84232CD21B2D7DE000E0BE11 /* Stop sign violation.m4a */ = {isa = PBXFileReference; lastKnownFileType = file; name = "Stop sign violation.m4a"; path = "Resource/M4a/Stop sign violation.m4a"; sourceTree = "<group>"; };
		84232CD31B2D7DE000E0BE11 /* weekend early morning.m4a */ = {isa = PBXFileReference; lastKnownFileType = file; name = "weekend early morning.m4a"; path = "Resource/M4a/weekend early morning.m4a"; sourceTree = "<group>"; };
		8475E8641B1218FB000E0AD5 /* smartTravel.sqlite */ = {isa = PBXFileReference; lastKnownFileType = file; name = smartTravel.sqlite; path = Resource/SQLite/smartTravel.sqlite; sourceTree = "<group>"; };
		849289AC1B7733C900837FF7 /* DataUpdateVC.h */ = {isa = PBXFileReference; fileEncoding = 4; lastKnownFileType = sourcecode.c.h; name = DataUpdateVC.h; path = Controller/DataUpdateVC.h; sourceTree = "<group>"; };
		849289AD1B7733C900837FF7 /* DataUpdateVC.m */ = {isa = PBXFileReference; fileEncoding = 4; lastKnownFileType = sourcecode.c.objc; name = DataUpdateVC.m; path = Controller/DataUpdateVC.m; sourceTree = "<group>"; };
		849289AE1B7733C900837FF7 /* DataUpdateVC.xib */ = {isa = PBXFileReference; fileEncoding = 4; lastKnownFileType = file.xib; name = DataUpdateVC.xib; path = Controller/DataUpdateVC.xib; sourceTree = "<group>"; };
		849DE7D21B7B825400B1FA3D /* NoInterfereVC.h */ = {isa = PBXFileReference; fileEncoding = 4; lastKnownFileType = sourcecode.c.h; name = NoInterfereVC.h; path = Controller/NoInterfereVC.h; sourceTree = "<group>"; };
		849DE7D31B7B825400B1FA3D /* NoInterfereVC.m */ = {isa = PBXFileReference; fileEncoding = 4; lastKnownFileType = sourcecode.c.objc; name = NoInterfereVC.m; path = Controller/NoInterfereVC.m; sourceTree = "<group>"; };
		849DE7D41B7B825400B1FA3D /* NoInterfereVC.xib */ = {isa = PBXFileReference; fileEncoding = 4; lastKnownFileType = file.xib; name = NoInterfereVC.xib; path = Controller/NoInterfereVC.xib; sourceTree = "<group>"; };
		84A5BC451B7DFACC001EAECB /* AppSettingManager.h */ = {isa = PBXFileReference; fileEncoding = 4; lastKnownFileType = sourcecode.c.h; name = AppSettingManager.h; path = Singleton/AppSettingManager.h; sourceTree = "<group>"; };
		84A5BC461B7DFACC001EAECB /* AppSettingManager.m */ = {isa = PBXFileReference; fileEncoding = 4; lastKnownFileType = sourcecode.c.objc; name = AppSettingManager.m; path = Singleton/AppSettingManager.m; sourceTree = "<group>"; };
		84A5BC471B7DFACC001EAECB /* AudioManager.h */ = {isa = PBXFileReference; fileEncoding = 4; lastKnownFileType = sourcecode.c.h; name = AudioManager.h; path = Singleton/AudioManager.h; sourceTree = "<group>"; };
		84A5BC481B7DFACC001EAECB /* AudioManager.m */ = {isa = PBXFileReference; fileEncoding = 4; lastKnownFileType = sourcecode.c.objc; name = AudioManager.m; path = Singleton/AudioManager.m; sourceTree = "<group>"; };
		84A5BC491B7DFACC001EAECB /* LocationRecordManager.h */ = {isa = PBXFileReference; fileEncoding = 4; lastKnownFileType = sourcecode.c.h; name = LocationRecordManager.h; path = Singleton/LocationRecordManager.h; sourceTree = "<group>"; };
		84A5BC4A1B7DFACC001EAECB /* LocationRecordManager.m */ = {isa = PBXFileReference; fileEncoding = 4; lastKnownFileType = sourcecode.c.objc; name = LocationRecordManager.m; path = Singleton/LocationRecordManager.m; sourceTree = "<group>"; };
		84A5BC4B1B7DFACC001EAECB /* MapModeManager.h */ = {isa = PBXFileReference; fileEncoding = 4; lastKnownFileType = sourcecode.c.h; name = MapModeManager.h; path = Singleton/MapModeManager.h; sourceTree = "<group>"; };
		84A5BC4C1B7DFACC001EAECB /* MapModeManager.m */ = {isa = PBXFileReference; fileEncoding = 4; lastKnownFileType = sourcecode.c.objc; name = MapModeManager.m; path = Singleton/MapModeManager.m; sourceTree = "<group>"; };
		84A5BC4D1B7DFACC001EAECB /* ResourceManager.h */ = {isa = PBXFileReference; fileEncoding = 4; lastKnownFileType = sourcecode.c.h; name = ResourceManager.h; path = Singleton/ResourceManager.h; sourceTree = "<group>"; };
		84A5BC4E1B7DFACC001EAECB /* ResourceManager.m */ = {isa = PBXFileReference; fileEncoding = 4; lastKnownFileType = sourcecode.c.objc; name = ResourceManager.m; path = Singleton/ResourceManager.m; sourceTree = "<group>"; };
		84A5BC4F1B7DFACC001EAECB /* StateMachine.h */ = {isa = PBXFileReference; fileEncoding = 4; lastKnownFileType = sourcecode.c.h; name = StateMachine.h; path = Singleton/StateMachine.h; sourceTree = "<group>"; };
		84A5BC501B7DFACC001EAECB /* StateMachine.m */ = {isa = PBXFileReference; fileEncoding = 4; lastKnownFileType = sourcecode.c.objc; name = StateMachine.m; path = Singleton/StateMachine.m; sourceTree = "<group>"; };
		84AC4A551B7D680A00842F88 /* Queue.h */ = {isa = PBXFileReference; fileEncoding = 4; lastKnownFileType = sourcecode.c.h; name = Queue.h; path = Model/Utility/Queue.h; sourceTree = "<group>"; };
		84AC4A561B7D680A00842F88 /* Queue.m */ = {isa = PBXFileReference; fileEncoding = 4; lastKnownFileType = sourcecode.c.objc; name = Queue.m; path = Model/Utility/Queue.m; sourceTree = "<group>"; };
		84AC4A581B7D6C4600842F88 /* LocationRecord.h */ = {isa = PBXFileReference; fileEncoding = 4; lastKnownFileType = sourcecode.c.h; name = LocationRecord.h; path = Model/LocationRecord.h; sourceTree = "<group>"; };
		84AC4A591B7D6C4600842F88 /* LocationRecord.m */ = {isa = PBXFileReference; fileEncoding = 4; lastKnownFileType = sourcecode.c.objc; name = LocationRecord.m; path = Model/LocationRecord.m; sourceTree = "<group>"; };
		84B3367E1B1DE1EF00BF32B0 /* libPods-SmartTravel-AFNetworking.a */ = {isa = PBXFileReference; lastKnownFileType = archive.ar; name = "libPods-SmartTravel-AFNetworking.a"; path = "Pods/../build/Debug-iphoneos/libPods-SmartTravel-AFNetworking.a"; sourceTree = "<group>"; };
		84DB0BA51B9C7FDC00938F60 /* DateUtilityTC.m */ = {isa = PBXFileReference; fileEncoding = 4; lastKnownFileType = sourcecode.c.objc; path = DateUtilityTC.m; sourceTree = "<group>"; };
		84F38DDA1B0FE86C00A0EB42 /* DBVersionAdapter.h */ = {isa = PBXFileReference; fileEncoding = 4; lastKnownFileType = sourcecode.c.h; name = DBVersionAdapter.h; path = Model/DBAdapter/DBVersionAdapter.h; sourceTree = "<group>"; };
		84F38DDB1B0FE86C00A0EB42 /* DBVersionAdapter.m */ = {isa = PBXFileReference; fileEncoding = 4; lastKnownFileType = sourcecode.c.objc; name = DBVersionAdapter.m; path = Model/DBAdapter/DBVersionAdapter.m; sourceTree = "<group>"; };
		84F38DDD1B0FF36500A0EB42 /* AVFoundation.framework */ = {isa = PBXFileReference; lastKnownFileType = wrapper.framework; name = AVFoundation.framework; path = System/Library/Frameworks/AVFoundation.framework; sourceTree = SDKROOT; };
		84F38DDF1B1000E100A0EB42 /* DBDayTypeAdapter.h */ = {isa = PBXFileReference; fileEncoding = 4; lastKnownFileType = sourcecode.c.h; name = DBDayTypeAdapter.h; path = Model/DBAdapter/DBDayTypeAdapter.h; sourceTree = "<group>"; };
		84F38DE01B1000E100A0EB42 /* DBDayTypeAdapter.m */ = {isa = PBXFileReference; fileEncoding = 4; lastKnownFileType = sourcecode.c.objc; name = DBDayTypeAdapter.m; path = Model/DBAdapter/DBDayTypeAdapter.m; sourceTree = "<group>"; };
		84F38DF01B102B3300A0EB42 /* Marker.h */ = {isa = PBXFileReference; fileEncoding = 4; lastKnownFileType = sourcecode.c.h; name = Marker.h; path = View/Marker.h; sourceTree = "<group>"; };
		84F38DF11B102B3300A0EB42 /* Marker.m */ = {isa = PBXFileReference; fileEncoding = 4; lastKnownFileType = sourcecode.c.objc; name = Marker.m; path = View/Marker.m; sourceTree = "<group>"; };
		84F38DF61B108D0900A0EB42 /* AppLocationManager.h */ = {isa = PBXFileReference; fileEncoding = 4; lastKnownFileType = sourcecode.c.h; path = AppLocationManager.h; sourceTree = "<group>"; };
		84F38DF71B108D0900A0EB42 /* AppLocationManager.m */ = {isa = PBXFileReference; fileEncoding = 4; lastKnownFileType = sourcecode.c.objc; path = AppLocationManager.m; sourceTree = "<group>"; };
		8D390935FB46D35A2294BF7D /* Pods-SmartTravelTests.release.xcconfig */ = {isa = PBXFileReference; includeInIndex = 1; lastKnownFileType = text.xcconfig; name = "Pods-SmartTravelTests.release.xcconfig"; path = "Pods/Target Support Files/Pods-SmartTravelTests/Pods-SmartTravelTests.release.xcconfig"; sourceTree = "<group>"; };
		8F0DC9111BC1294800BE6496 /* constant.plist */ = {isa = PBXFileReference; fileEncoding = 4; lastKnownFileType = text.plist.xml; path = constant.plist; sourceTree = "<group>"; };
		8F1E645A1BE247EA00E1DE37 /* template.sqlite */ = {isa = PBXFileReference; lastKnownFileType = file; name = template.sqlite; path = Resource/SQLite/template.sqlite; sourceTree = "<group>"; };
		8F44EBBA1BB58676005A9E0B /* LocationArrayParseTC.m */ = {isa = PBXFileReference; fileEncoding = 4; lastKnownFileType = sourcecode.c.objc; path = LocationArrayParseTC.m; sourceTree = "<group>"; };
		8FE05CEA1BB63F0A00118F2A /* DBSchoolAdapter.h */ = {isa = PBXFileReference; fileEncoding = 4; lastKnownFileType = sourcecode.c.h; name = DBSchoolAdapter.h; path = Model/DBAdapter/DBSchoolAdapter.h; sourceTree = "<group>"; };
		8FE05CEB1BB63F0A00118F2A /* DBSchoolAdapter.m */ = {isa = PBXFileReference; fileEncoding = 4; lastKnownFileType = sourcecode.c.objc; name = DBSchoolAdapter.m; path = Model/DBAdapter/DBSchoolAdapter.m; sourceTree = "<group>"; };
		8FE05CED1BB79AFB00118F2A /* MarkerManagerFactory.h */ = {isa = PBXFileReference; fileEncoding = 4; lastKnownFileType = sourcecode.c.h; name = MarkerManagerFactory.h; path = ViewModel/MarkerManagerFactory.h; sourceTree = "<group>"; };
		8FE05CEE1BB79AFB00118F2A /* MarkerManagerFactory.m */ = {isa = PBXFileReference; fileEncoding = 4; lastKnownFileType = sourcecode.c.objc; name = MarkerManagerFactory.m; path = ViewModel/MarkerManagerFactory.m; sourceTree = "<group>"; };
		8FE05CF01BB7DF8F00118F2A /* SchoolMarkerManager.h */ = {isa = PBXFileReference; fileEncoding = 4; lastKnownFileType = sourcecode.c.h; name = SchoolMarkerManager.h; path = ViewModel/SchoolMarkerManager.h; sourceTree = "<group>"; };
		8FE05CF11BB7DF8F00118F2A /* SchoolMarkerManager.m */ = {isa = PBXFileReference; fileEncoding = 4; lastKnownFileType = sourcecode.c.objc; name = SchoolMarkerManager.m; path = ViewModel/SchoolMarkerManager.m; sourceTree = "<group>"; };
		8FE05CF31BB7DFAD00118F2A /* CollisionMarkerManager.h */ = {isa = PBXFileReference; fileEncoding = 4; lastKnownFileType = sourcecode.c.h; name = CollisionMarkerManager.h; path = ViewModel/CollisionMarkerManager.h; sourceTree = "<group>"; };
		8FE05CF41BB7DFAD00118F2A /* CollisionMarkerManager.m */ = {isa = PBXFileReference; fileEncoding = 4; lastKnownFileType = sourcecode.c.objc; name = CollisionMarkerManager.m; path = ViewModel/CollisionMarkerManager.m; sourceTree = "<group>"; };
		8FE05CF61BB7E68600118F2A /* LayerManager.h */ = {isa = PBXFileReference; fileEncoding = 4; lastKnownFileType = sourcecode.c.h; name = LayerManager.h; path = ViewModel/LayerManager.h; sourceTree = "<group>"; };
		8FE05CF71BB7E68600118F2A /* LayerManager.m */ = {isa = PBXFileReference; fileEncoding = 4; lastKnownFileType = sourcecode.c.objc; name = LayerManager.m; path = ViewModel/LayerManager.m; sourceTree = "<group>"; };
		8FEFC8171BB8103E00A2F922 /* SchoolShapeManager.h */ = {isa = PBXFileReference; fileEncoding = 4; lastKnownFileType = sourcecode.c.h; name = SchoolShapeManager.h; path = ViewModel/SchoolShapeManager.h; sourceTree = "<group>"; };
		8FEFC8181BB8103E00A2F922 /* SchoolShapeManager.m */ = {isa = PBXFileReference; fileEncoding = 4; lastKnownFileType = sourcecode.c.objc; name = SchoolShapeManager.m; path = ViewModel/SchoolShapeManager.m; sourceTree = "<group>"; };
		8FEFC81A1BB810E300A2F922 /* CollisionShapeManager.h */ = {isa = PBXFileReference; fileEncoding = 4; lastKnownFileType = sourcecode.c.h; name = CollisionShapeManager.h; path = ViewModel/CollisionShapeManager.h; sourceTree = "<group>"; };
		8FEFC81B1BB810E300A2F922 /* CollisionShapeManager.m */ = {isa = PBXFileReference; fileEncoding = 4; lastKnownFileType = sourcecode.c.objc; name = CollisionShapeManager.m; path = ViewModel/CollisionShapeManager.m; sourceTree = "<group>"; };
		8FEFC81D1BB8156900A2F922 /* ShapeManagerFactory.h */ = {isa = PBXFileReference; fileEncoding = 4; lastKnownFileType = sourcecode.c.h; name = ShapeManagerFactory.h; path = ViewModel/ShapeManagerFactory.h; sourceTree = "<group>"; };
		8FEFC81E1BB8156900A2F922 /* ShapeManagerFactory.m */ = {isa = PBXFileReference; fileEncoding = 4; lastKnownFileType = sourcecode.c.objc; name = ShapeManagerFactory.m; path = ViewModel/ShapeManagerFactory.m; sourceTree = "<group>"; };
		9B295C091ADFF0B200758837 /* Base */ = {isa = PBXFileReference; lastKnownFileType = file.storyboard; name = Base; path = Base.lproj/FirstLaunch.storyboard; sourceTree = "<group>"; };
		9B5EE8631AF3EEE600524F4A /* default.gpx */ = {isa = PBXFileReference; fileEncoding = 4; lastKnownFileType = text.xml; path = default.gpx; sourceTree = "<group>"; };
		9B6A85AB1ADFDEFF00667170 /* SmartTravel.app */ = {isa = PBXFileReference; explicitFileType = wrapper.application; includeInIndex = 0; path = SmartTravel.app; sourceTree = BUILT_PRODUCTS_DIR; };
		9B6A85AF1ADFDEFF00667170 /* Info.plist */ = {isa = PBXFileReference; lastKnownFileType = text.plist.xml; path = Info.plist; sourceTree = "<group>"; };
		9B6A85B01ADFDEFF00667170 /* main.m */ = {isa = PBXFileReference; lastKnownFileType = sourcecode.c.objc; path = main.m; sourceTree = "<group>"; };
		9B6A85B21ADFDEFF00667170 /* AppDelegate.h */ = {isa = PBXFileReference; lastKnownFileType = sourcecode.c.h; path = AppDelegate.h; sourceTree = "<group>"; };
		9B6A85B31ADFDEFF00667170 /* AppDelegate.m */ = {isa = PBXFileReference; lastKnownFileType = sourcecode.c.objc; path = AppDelegate.m; sourceTree = "<group>"; };
		9B6A85B91ADFDF0000667170 /* Base */ = {isa = PBXFileReference; lastKnownFileType = file.storyboard; name = Base; path = Base.lproj/Main.storyboard; sourceTree = "<group>"; };
		9B6A85BB1ADFDF0000667170 /* Images.xcassets */ = {isa = PBXFileReference; lastKnownFileType = folder.assetcatalog; path = Images.xcassets; sourceTree = "<group>"; };
		9B6A85BE1ADFDF0000667170 /* Base */ = {isa = PBXFileReference; lastKnownFileType = file.xib; name = Base; path = Base.lproj/LaunchScreen.xib; sourceTree = "<group>"; };
		9B6A85C41ADFDF0000667170 /* SmartTravelTests.xctest */ = {isa = PBXFileReference; explicitFileType = wrapper.cfbundle; includeInIndex = 0; path = SmartTravelTests.xctest; sourceTree = BUILT_PRODUCTS_DIR; };
		9B6A85C91ADFDF0000667170 /* Info.plist */ = {isa = PBXFileReference; lastKnownFileType = text.plist.xml; path = Info.plist; sourceTree = "<group>"; };
		9B6C7DA21AF4FFA300DF6FA9 /* testDb.sqlite */ = {isa = PBXFileReference; lastKnownFileType = file; path = testDb.sqlite; sourceTree = "<group>"; };
		9B6C7DA61AF500C500DF6FA9 /* DBManager.h */ = {isa = PBXFileReference; fileEncoding = 4; lastKnownFileType = sourcecode.c.h; name = DBManager.h; path = Model/DBManager.h; sourceTree = "<group>"; };
		9B6C7DA71AF500C500DF6FA9 /* DBManager.m */ = {isa = PBXFileReference; fileEncoding = 4; lastKnownFileType = sourcecode.c.objc; name = DBManager.m; path = Model/DBManager.m; sourceTree = "<group>"; };
		9B7E594F1AE37FD10008D25C /* TermUsage.h */ = {isa = PBXFileReference; fileEncoding = 4; lastKnownFileType = sourcecode.c.h; name = TermUsage.h; path = Model/TermUsage.h; sourceTree = "<group>"; };
		9B7E59501AE37FD10008D25C /* TermUsage.m */ = {isa = PBXFileReference; fileEncoding = 4; lastKnownFileType = sourcecode.c.objc; name = TermUsage.m; path = Model/TermUsage.m; sourceTree = "<group>"; };
		9B7E59521AE3882A0008D25C /* GuideViewController.h */ = {isa = PBXFileReference; fileEncoding = 4; lastKnownFileType = sourcecode.c.h; name = GuideViewController.h; path = Controller/GuideViewController.h; sourceTree = "<group>"; };
		9B7E59531AE3882A0008D25C /* GuideViewController.m */ = {isa = PBXFileReference; fileEncoding = 4; lastKnownFileType = sourcecode.c.objc; name = GuideViewController.m; path = Controller/GuideViewController.m; sourceTree = "<group>"; };
		9B7E595A1AE38F610008D25C /* MapKit.framework */ = {isa = PBXFileReference; lastKnownFileType = wrapper.framework; name = MapKit.framework; path = System/Library/Frameworks/MapKit.framework; sourceTree = SDKROOT; };
		9B7E595C1AE38F660008D25C /* CoreLocation.framework */ = {isa = PBXFileReference; lastKnownFileType = wrapper.framework; name = CoreLocation.framework; path = System/Library/Frameworks/CoreLocation.framework; sourceTree = SDKROOT; };
		9B7E595E1AE3966F0008D25C /* HomeViewController.h */ = {isa = PBXFileReference; fileEncoding = 4; lastKnownFileType = sourcecode.c.h; name = HomeViewController.h; path = Controller/HomeViewController.h; sourceTree = "<group>"; };
		9B7E595F1AE3966F0008D25C /* HomeViewController.m */ = {isa = PBXFileReference; fileEncoding = 4; lastKnownFileType = sourcecode.c.objc; name = HomeViewController.m; path = Controller/HomeViewController.m; sourceTree = "<group>"; };
		9B812DD71AEB3E9D008F17B6 /* ReasonListVC.h */ = {isa = PBXFileReference; fileEncoding = 4; lastKnownFileType = sourcecode.c.h; name = ReasonListVC.h; path = Controller/ReasonListVC.h; sourceTree = "<group>"; };
		9B812DD81AEB3E9D008F17B6 /* ReasonListVC.m */ = {isa = PBXFileReference; fileEncoding = 4; lastKnownFileType = sourcecode.c.objc; name = ReasonListVC.m; path = Controller/ReasonListVC.m; sourceTree = "<group>"; };
		9B812DDA1AEB3EB7008F17B6 /* SettingsViewController.h */ = {isa = PBXFileReference; fileEncoding = 4; lastKnownFileType = sourcecode.c.h; name = SettingsViewController.h; path = Controller/SettingsViewController.h; sourceTree = "<group>"; };
		9B812DDB1AEB3EB7008F17B6 /* SettingsViewController.m */ = {isa = PBXFileReference; fileEncoding = 4; lastKnownFileType = sourcecode.c.objc; name = SettingsViewController.m; path = Controller/SettingsViewController.m; sourceTree = "<group>"; };
		9BC3392E1AE296250046AAB5 /* termofusage.html */ = {isa = PBXFileReference; fileEncoding = 4; lastKnownFileType = text.html; path = termofusage.html; sourceTree = "<group>"; };
		9BC461CC1BEE5A860011354F /* drive.gpx */ = {isa = PBXFileReference; fileEncoding = 4; lastKnownFileType = text.xml; path = drive.gpx; sourceTree = "<group>"; };
		9BCEBC771ADFF317003C9F05 /* TermOfUsageViewController.h */ = {isa = PBXFileReference; fileEncoding = 4; lastKnownFileType = sourcecode.c.h; name = TermOfUsageViewController.h; path = Controller/TermOfUsageViewController.h; sourceTree = "<group>"; };
		9BCEBC781ADFF317003C9F05 /* TermOfUsageViewController.m */ = {isa = PBXFileReference; fileEncoding = 4; lastKnownFileType = sourcecode.c.objc; name = TermOfUsageViewController.m; path = Controller/TermOfUsageViewController.m; sourceTree = "<group>"; };
		9BDBCA441AF8EEE600F23275 /* MarkerManager.h */ = {isa = PBXFileReference; fileEncoding = 4; lastKnownFileType = sourcecode.c.h; name = MarkerManager.h; path = ViewModel/MarkerManager.h; sourceTree = "<group>"; };
		9BDBCA451AF8EEE600F23275 /* MarkerManager.m */ = {isa = PBXFileReference; fileEncoding = 4; lastKnownFileType = sourcecode.c.objc; name = MarkerManager.m; path = ViewModel/MarkerManager.m; sourceTree = "<group>"; };
		9BF128181AFE537D008E72DA /* Direction.h */ = {isa = PBXFileReference; fileEncoding = 4; lastKnownFileType = sourcecode.c.h; name = Direction.h; path = Model/Direction.h; sourceTree = "<group>"; };
		9BF128191AFE537D008E72DA /* Direction.m */ = {isa = PBXFileReference; fileEncoding = 4; lastKnownFileType = sourcecode.c.objc; name = Direction.m; path = Model/Direction.m; sourceTree = "<group>"; };
/* End PBXFileReference section */

/* Begin PBXFrameworksBuildPhase section */
		9B6A85A81ADFDEFF00667170 /* Frameworks */ = {
			isa = PBXFrameworksBuildPhase;
			buildActionMask = 2147483647;
			files = (
				42485BA21B87DFD700C75F9F /* Security.framework in Frameworks */,
				42485BA61B87EEB000C75F9F /* libFlurry_6.7.0.a in Frameworks */,
				424859B41B874BC200C75F9F /* SystemConfiguration.framework in Frameworks */,
				84F38DDE1B0FF36500A0EB42 /* AVFoundation.framework in Frameworks */,
				9B7E595D1AE38F660008D25C /* CoreLocation.framework in Frameworks */,
				9B7E595B1AE38F610008D25C /* MapKit.framework in Frameworks */,
				6613E4635B5E884F0B519EDB /* libPods-SmartTravel.a in Frameworks */,
			);
			runOnlyForDeploymentPostprocessing = 0;
		};
		9B6A85C11ADFDF0000667170 /* Frameworks */ = {
			isa = PBXFrameworksBuildPhase;
			buildActionMask = 2147483647;
			files = (
				1E2E79F51E63E734D1BFE0B5 /* libPods-SmartTravelTests.a in Frameworks */,
			);
			runOnlyForDeploymentPostprocessing = 0;
		};
/* End PBXFrameworksBuildPhase section */

/* Begin PBXGroup section */
		4203DDB41B0878860002D67F /* Utility */ = {
			isa = PBXGroup;
			children = (
				4203DDB51B0879350002D67F /* DateUtility.h */,
				4203DDB61B0879350002D67F /* DateUtility.m */,
				84AC4A551B7D680A00842F88 /* Queue.h */,
				84AC4A561B7D680A00842F88 /* Queue.m */,
			);
			name = Utility;
			sourceTree = "<group>";
		};
		4225F82A1B08198900C5A73F /* DBAdapter */ = {
			isa = PBXGroup;
			children = (
				8FE05CE91BB63EEC00118F2A /* New Group */,
				84F38DDF1B1000E100A0EB42 /* DBDayTypeAdapter.h */,
				84F38DE01B1000E100A0EB42 /* DBDayTypeAdapter.m */,
				84F38DDA1B0FE86C00A0EB42 /* DBVersionAdapter.h */,
				84F38DDB1B0FE86C00A0EB42 /* DBVersionAdapter.m */,
				4225F82D1B081A4100C5A73F /* DBLocationAdapter.h */,
				4225F82E1B081A4100C5A73F /* DBLocationAdapter.m */,
				4225F8311B081A4100C5A73F /* DBReasonAdapter.h */,
				4225F8321B081A4100C5A73F /* DBReasonAdapter.m */,
				8FE05CEA1BB63F0A00118F2A /* DBSchoolAdapter.h */,
				8FE05CEB1BB63F0A00118F2A /* DBSchoolAdapter.m */,
			);
			name = DBAdapter;
			sourceTree = "<group>";
		};
		424859AF1B874AF400C75F9F /* 3rdParty */ = {
			isa = PBXGroup;
			children = (
				42485B991B8754CB00C75F9F /* Flurry */,
			);
			name = 3rdParty;
			sourceTree = "<group>";
		};
		42485B991B8754CB00C75F9F /* Flurry */ = {
			isa = PBXGroup;
			children = (
				42485BA31B87EEB000C75F9F /* Flurry.h */,
				42485BA41B87EEB000C75F9F /* FlurryWatch.h */,
				42485BA51B87EEB000C75F9F /* libFlurry_6.7.0.a */,
			);
			name = Flurry;
			path = "3rdParty/Flurry iPhone SDK viPhone 6.7.0/Flurry-iOS-6.7.0/Flurry";
			sourceTree = "<group>";
		};
		425754B81B088BA60046433F /* GPX */ = {
			isa = PBXGroup;
			children = (
				9BC461CC1BEE5A860011354F /* drive.gpx */,
				425754B61B088BA20046433F /* 20150517013203-58195-data.gpx */,
			);
			name = GPX;
			sourceTree = "<group>";
		};
		5144BF6598479F6C7B046745 /* Frameworks */ = {
			isa = PBXGroup;
			children = (
				42485BA11B87DFD700C75F9F /* Security.framework */,
				424859B31B874BC200C75F9F /* SystemConfiguration.framework */,
				84B3367E1B1DE1EF00BF32B0 /* libPods-SmartTravel-AFNetworking.a */,
				84F38DDD1B0FF36500A0EB42 /* AVFoundation.framework */,
				9B7E595C1AE38F660008D25C /* CoreLocation.framework */,
				9B7E595A1AE38F610008D25C /* MapKit.framework */,
				1FC29DFEB55D05F2F0E0316D /* libPods-SmartTravel.a */,
				5EEEC9CCD391050A8D1BA199 /* libPods-SmartTravelTests.a */,
			);
			name = Frameworks;
			sourceTree = "<group>";
		};
		84232CC61B2D7DAF00E0BE11 /* M4a */ = {
			isa = PBXGroup;
			children = (
				84232CC71B2D7DE000E0BE11 /* afternoon rush hour.m4a */,
				84232CC81B2D7DE000E0BE11 /* attention high risk collision area.m4a */,
				84232CC91B2D7DE000E0BE11 /* Cyclist.m4a */,
				84232CCA1B2D7DE000E0BE11 /* Improper lane change.m4a */,
				84232CCB1B2D7DE000E0BE11 /* increase the gap.m4a */,
				84232CCC1B2D7DE000E0BE11 /* Morning rush hour.m4a */,
				84232CCD1B2D7DE000E0BE11 /* Motorcyclist.m4a */,
				84232CCE1B2D7DE000E0BE11 /* Pedestrians.m4a */,
				84232CCF1B2D7DE000E0BE11 /* Ran off road.m4a */,
				84232CD01B2D7DE000E0BE11 /* Red-light running.m4a */,
				84232CD11B2D7DE000E0BE11 /* School zone.m4a */,
				84232CD21B2D7DE000E0BE11 /* Stop sign violation.m4a */,
				84232CD31B2D7DE000E0BE11 /* weekend early morning.m4a */,
			);
			name = M4a;
			sourceTree = "<group>";
		};
		84A5BC441B7DFA51001EAECB /* Singleton */ = {
			isa = PBXGroup;
			children = (
				84F38DF61B108D0900A0EB42 /* AppLocationManager.h */,
				84F38DF71B108D0900A0EB42 /* AppLocationManager.m */,
				84A5BC451B7DFACC001EAECB /* AppSettingManager.h */,
				84A5BC461B7DFACC001EAECB /* AppSettingManager.m */,
				84A5BC471B7DFACC001EAECB /* AudioManager.h */,
				84A5BC481B7DFACC001EAECB /* AudioManager.m */,
				84A5BC491B7DFACC001EAECB /* LocationRecordManager.h */,
				84A5BC4A1B7DFACC001EAECB /* LocationRecordManager.m */,
				84A5BC4B1B7DFACC001EAECB /* MapModeManager.h */,
				84A5BC4C1B7DFACC001EAECB /* MapModeManager.m */,
				84A5BC4D1B7DFACC001EAECB /* ResourceManager.h */,
				84A5BC4E1B7DFACC001EAECB /* ResourceManager.m */,
				84A5BC4F1B7DFACC001EAECB /* StateMachine.h */,
				84A5BC501B7DFACC001EAECB /* StateMachine.m */,
				426EC3381B92D9AF00ED4BBA /* UIColor+ST.h */,
				426EC3391B92D9AF00ED4BBA /* UIColor+ST.m */,
				841EE2AC1B9482170022A067 /* STConstants.h */,
				841EE2AD1B9482170022A067 /* STConstants.m */,
			);
			name = Singleton;
			sourceTree = "<group>";
		};
		84F38DEB1B10122800A0EB42 /* SQLite */ = {
			isa = PBXGroup;
			children = (
				8F1E645A1BE247EA00E1DE37 /* template.sqlite */,
				8475E8641B1218FB000E0AD5 /* smartTravel.sqlite */,
			);
			name = SQLite;
			sourceTree = "<group>";
		};
		8FE05CE91BB63EEC00118F2A /* New Group */ = {
			isa = PBXGroup;
			children = (
			);
			name = "New Group";
			sourceTree = "<group>";
		};
		9B295C071ADFF03200758837 /* View */ = {
			isa = PBXGroup;
			children = (
				4290A0AA1AF6050100CB46E5 /* HotSpotTableViewCell.h */,
				4290A0AB1AF6050100CB46E5 /* HotSpotTableViewCell.m */,
				4290A0AC1AF6050100CB46E5 /* HotSpotTableViewCell.xib */,
				42C6A8C01B0A1B6300EE1518 /* HotSpotDetailViewBodyCell.h */,
				42C6A8C11B0A1B6300EE1518 /* HotSpotDetailViewBodyCell.m */,
				42C6A8C21B0A1B6300EE1518 /* HotSpotDetailViewBodyCell.xib */,
				42C6A8C31B0A1B6300EE1518 /* HotSpotDetailViewHeaderCell.h */,
				42C6A8C41B0A1B6300EE1518 /* HotSpotDetailViewHeaderCell.m */,
				42C6A8C51B0A1B6300EE1518 /* HotSpotDetailViewHeaderCell.xib */,
				42C6A8AC1B0A0FAC00EE1518 /* HotSpotDetailView.h */,
				42C6A8AD1B0A0FAC00EE1518 /* HotSpotDetailView.m */,
				42C6A8AE1B0A0FAC00EE1518 /* HotSpotDetailView.xib */,
				42C6A8AF1B0A0FAC00EE1518 /* WarningView.h */,
				42C6A8B01B0A0FAC00EE1518 /* WarningView.m */,
				42C6A8B11B0A0FAC00EE1518 /* WarningView.xib */,
				84F38DF01B102B3300A0EB42 /* Marker.h */,
				84F38DF11B102B3300A0EB42 /* Marker.m */,
			);
			name = View;
			sourceTree = "<group>";
		};
		9B295C0B1ADFF0BA00758837 /* Controller */ = {
			isa = PBXGroup;
			children = (
				9BCEBC771ADFF317003C9F05 /* TermOfUsageViewController.h */,
				9B812DD71AEB3E9D008F17B6 /* ReasonListVC.h */,
				9B812DD81AEB3E9D008F17B6 /* ReasonListVC.m */,
				9BCEBC781ADFF317003C9F05 /* TermOfUsageViewController.m */,
				9B7E59521AE3882A0008D25C /* GuideViewController.h */,
				9B7E59531AE3882A0008D25C /* GuideViewController.m */,
				9B7E595E1AE3966F0008D25C /* HomeViewController.h */,
				9B7E595F1AE3966F0008D25C /* HomeViewController.m */,
				9B812DDA1AEB3EB7008F17B6 /* SettingsViewController.h */,
				9B812DDB1AEB3EB7008F17B6 /* SettingsViewController.m */,
				849289AC1B7733C900837FF7 /* DataUpdateVC.h */,
				849289AD1B7733C900837FF7 /* DataUpdateVC.m */,
				849289AE1B7733C900837FF7 /* DataUpdateVC.xib */,
				849DE7D21B7B825400B1FA3D /* NoInterfereVC.h */,
				849DE7D31B7B825400B1FA3D /* NoInterfereVC.m */,
				849DE7D41B7B825400B1FA3D /* NoInterfereVC.xib */,
				426EC3431B92E67100ED4BBA /* HotspotListVC.h */,
				426EC3441B92E67100ED4BBA /* HotspotListVC.m */,
				426EC3451B92E67100ED4BBA /* HotspotListVC.xib */,
			);
			name = Controller;
			sourceTree = "<group>";
		};
		9B295C0C1ADFF0C500758837 /* Model */ = {
			isa = PBXGroup;
			children = (
				42C6A8A41B0A0CEC00EE1518 /* HotSpot.h */,
				42C6A8A51B0A0CEC00EE1518 /* HotSpot.m */,
				4225F83D1B0829C200C5A73F /* DBConstants.h */,
				4225F83E1B0829C200C5A73F /* DBConstants.m */,
				9B6C7DA61AF500C500DF6FA9 /* DBManager.h */,
				9B6C7DA71AF500C500DF6FA9 /* DBManager.m */,
				4225F82A1B08198900C5A73F /* DBAdapter */,
				4203DDB41B0878860002D67F /* Utility */,
				9B7E594F1AE37FD10008D25C /* TermUsage.h */,
				9B7E59501AE37FD10008D25C /* TermUsage.m */,
				9BF128181AFE537D008E72DA /* Direction.h */,
				9BF128191AFE537D008E72DA /* Direction.m */,
				84AC4A581B7D6C4600842F88 /* LocationRecord.h */,
				84AC4A591B7D6C4600842F88 /* LocationRecord.m */,
				426BC42B1B9D3CD50094F509 /* VoicePromptInfo.h */,
				426BC42C1B9D3CD50094F509 /* VoicePromptInfo.m */,
				42E9F1A11BAD840C000EAB39 /* LocationCoordinate.h */,
				42E9F1A21BAD840C000EAB39 /* LocationCoordinate.m */,
			);
			name = Model;
			sourceTree = "<group>";
		};
		9B5EE8661AF3F65E00524F4A /* StoryBoard */ = {
			isa = PBXGroup;
			children = (
				9B6A85B81ADFDF0000667170 /* Main.storyboard */,
				9B295C081ADFF0B200758837 /* FirstLaunch.storyboard */,
			);
			name = StoryBoard;
			sourceTree = "<group>";
		};
		9B6A85A21ADFDEFF00667170 = {
			isa = PBXGroup;
			children = (
				9B6A85AD1ADFDEFF00667170 /* SmartTravel */,
				9B6A85C71ADFDF0000667170 /* SmartTravelTests */,
				9B6A85AC1ADFDEFF00667170 /* Products */,
				EBBE7086B285E4C69B80CD01 /* Pods */,
				5144BF6598479F6C7B046745 /* Frameworks */,
			);
			sourceTree = "<group>";
		};
		9B6A85AC1ADFDEFF00667170 /* Products */ = {
			isa = PBXGroup;
			children = (
				9B6A85AB1ADFDEFF00667170 /* SmartTravel.app */,
				9B6A85C41ADFDF0000667170 /* SmartTravelTests.xctest */,
			);
			name = Products;
			sourceTree = "<group>";
		};
		9B6A85AD1ADFDEFF00667170 /* SmartTravel */ = {
			isa = PBXGroup;
			children = (
				424859AF1B874AF400C75F9F /* 3rdParty */,
				84A5BC441B7DFA51001EAECB /* Singleton */,
				9BDBCA431AF8EE8F00F23275 /* ViewModel */,
				9B5EE8661AF3F65E00524F4A /* StoryBoard */,
				9B295C0C1ADFF0C500758837 /* Model */,
				9B295C071ADFF03200758837 /* View */,
				9B295C0B1ADFF0BA00758837 /* Controller */,
				9B6A85B21ADFDEFF00667170 /* AppDelegate.h */,
				9B6A85B31ADFDEFF00667170 /* AppDelegate.m */,
				9B6A85BB1ADFDF0000667170 /* Images.xcassets */,
				9B6A85BD1ADFDF0000667170 /* LaunchScreen.xib */,
				9B6A85AE1ADFDEFF00667170 /* Supporting Files */,
			);
			path = SmartTravel;
			sourceTree = "<group>";
		};
		9B6A85AE1ADFDEFF00667170 /* Supporting Files */ = {
			isa = PBXGroup;
			children = (
				84232CC61B2D7DAF00E0BE11 /* M4a */,
				84F38DEB1B10122800A0EB42 /* SQLite */,
				425754B81B088BA60046433F /* GPX */,
				9B5EE8631AF3EEE600524F4A /* default.gpx */,
				9B6A85AF1ADFDEFF00667170 /* Info.plist */,
				9B6A85B01ADFDEFF00667170 /* main.m */,
				9BC3392E1AE296250046AAB5 /* termofusage.html */,
				8F0DC9111BC1294800BE6496 /* constant.plist */,
			);
			name = "Supporting Files";
			sourceTree = "<group>";
		};
		9B6A85C71ADFDF0000667170 /* SmartTravelTests */ = {
			isa = PBXGroup;
			children = (
				9B6A85C81ADFDF0000667170 /* Supporting Files */,
				84DB0BA51B9C7FDC00938F60 /* DateUtilityTC.m */,
				8F44EBBA1BB58676005A9E0B /* LocationArrayParseTC.m */,
			);
			path = SmartTravelTests;
			sourceTree = "<group>";
		};
		9B6A85C81ADFDF0000667170 /* Supporting Files */ = {
			isa = PBXGroup;
			children = (
				9B6C7DA21AF4FFA300DF6FA9 /* testDb.sqlite */,
				9B6A85C91ADFDF0000667170 /* Info.plist */,
			);
			name = "Supporting Files";
			sourceTree = "<group>";
		};
		9BDBCA431AF8EE8F00F23275 /* ViewModel */ = {
			isa = PBXGroup;
			children = (
				9BDBCA441AF8EEE600F23275 /* MarkerManager.h */,
				9BDBCA451AF8EEE600F23275 /* MarkerManager.m */,
				42E9F1981BACE702000EAB39 /* ReasonInfo.h */,
				42E9F1991BACE702000EAB39 /* ReasonInfo.m */,
				42E9F19E1BAD7FD2000EAB39 /* ShapeManager.h */,
				42E9F19F1BAD7FD2000EAB39 /* ShapeManager.m */,
				8FE05CED1BB79AFB00118F2A /* MarkerManagerFactory.h */,
				8FE05CEE1BB79AFB00118F2A /* MarkerManagerFactory.m */,
				8FE05CF01BB7DF8F00118F2A /* SchoolMarkerManager.h */,
				8FE05CF11BB7DF8F00118F2A /* SchoolMarkerManager.m */,
				8FE05CF31BB7DFAD00118F2A /* CollisionMarkerManager.h */,
				8FE05CF41BB7DFAD00118F2A /* CollisionMarkerManager.m */,
				8FE05CF61BB7E68600118F2A /* LayerManager.h */,
				8FE05CF71BB7E68600118F2A /* LayerManager.m */,
				8FEFC8171BB8103E00A2F922 /* SchoolShapeManager.h */,
				8FEFC8181BB8103E00A2F922 /* SchoolShapeManager.m */,
				8FEFC81A1BB810E300A2F922 /* CollisionShapeManager.h */,
				8FEFC81B1BB810E300A2F922 /* CollisionShapeManager.m */,
				8FEFC81D1BB8156900A2F922 /* ShapeManagerFactory.h */,
				8FEFC81E1BB8156900A2F922 /* ShapeManagerFactory.m */,
			);
			name = ViewModel;
			sourceTree = "<group>";
		};
		EBBE7086B285E4C69B80CD01 /* Pods */ = {
			isa = PBXGroup;
			children = (
				3B0D027AB13F8856B8F4BA29 /* Pods-SmartTravel.debug.xcconfig */,
				6928DA7D73FEF35E1EBF313F /* Pods-SmartTravel.release.xcconfig */,
				171AC3DFEC430AD99FCFEE1E /* Pods-SmartTravelTests.debug.xcconfig */,
				8D390935FB46D35A2294BF7D /* Pods-SmartTravelTests.release.xcconfig */,
			);
			name = Pods;
			sourceTree = "<group>";
		};
/* End PBXGroup section */

/* Begin PBXNativeTarget section */
		9B6A85AA1ADFDEFF00667170 /* SmartTravel */ = {
			isa = PBXNativeTarget;
			buildConfigurationList = 9B6A85CE1ADFDF0000667170 /* Build configuration list for PBXNativeTarget "SmartTravel" */;
			buildPhases = (
				F438F13402278AB20B8E4A53 /* Check Pods Manifest.lock */,
				9B6A85A71ADFDEFF00667170 /* Sources */,
				9B6A85A81ADFDEFF00667170 /* Frameworks */,
				9B6A85A91ADFDEFF00667170 /* Resources */,
				145FA6AE1F1CD9AF0D7293DF /* Copy Pods Resources */,
			);
			buildRules = (
			);
			dependencies = (
			);
			name = SmartTravel;
			productName = SmartTravel;
			productReference = 9B6A85AB1ADFDEFF00667170 /* SmartTravel.app */;
			productType = "com.apple.product-type.application";
		};
		9B6A85C31ADFDF0000667170 /* SmartTravelTests */ = {
			isa = PBXNativeTarget;
			buildConfigurationList = 9B6A85D11ADFDF0000667170 /* Build configuration list for PBXNativeTarget "SmartTravelTests" */;
			buildPhases = (
				2E66B30782904D38A1CE32E8 /* Check Pods Manifest.lock */,
				9B6A85C01ADFDF0000667170 /* Sources */,
				9B6A85C11ADFDF0000667170 /* Frameworks */,
				9B6A85C21ADFDF0000667170 /* Resources */,
				FDEB9675A778653F5CD99EAF /* Copy Pods Resources */,
			);
			buildRules = (
			);
			dependencies = (
				9B6A85C61ADFDF0000667170 /* PBXTargetDependency */,
			);
			name = SmartTravelTests;
			productName = SmartTravelTests;
			productReference = 9B6A85C41ADFDF0000667170 /* SmartTravelTests.xctest */;
			productType = "com.apple.product-type.bundle.unit-test";
		};
/* End PBXNativeTarget section */

/* Begin PBXProject section */
		9B6A85A31ADFDEFF00667170 /* Project object */ = {
			isa = PBXProject;
			attributes = {
				LastUpgradeCheck = 0700;
				ORGANIZATIONNAME = Gongwei;
				TargetAttributes = {
					9B6A85AA1ADFDEFF00667170 = {
						CreatedOnToolsVersion = 6.2;
						DevelopmentTeam = V3WS2W75CC;
						SystemCapabilities = {
							com.apple.BackgroundModes = {
								enabled = 1;
							};
						};
					};
					9B6A85C31ADFDF0000667170 = {
						CreatedOnToolsVersion = 6.2;
						TestTargetID = 9B6A85AA1ADFDEFF00667170;
					};
				};
			};
			buildConfigurationList = 9B6A85A61ADFDEFF00667170 /* Build configuration list for PBXProject "SmartTravel" */;
			compatibilityVersion = "Xcode 3.2";
			developmentRegion = English;
			hasScannedForEncodings = 0;
			knownRegions = (
				en,
				Base,
			);
			mainGroup = 9B6A85A21ADFDEFF00667170;
			productRefGroup = 9B6A85AC1ADFDEFF00667170 /* Products */;
			projectDirPath = "";
			projectRoot = "";
			targets = (
				9B6A85AA1ADFDEFF00667170 /* SmartTravel */,
				9B6A85C31ADFDF0000667170 /* SmartTravelTests */,
			);
		};
/* End PBXProject section */

/* Begin PBXResourcesBuildPhase section */
		9B6A85A91ADFDEFF00667170 /* Resources */ = {
			isa = PBXResourcesBuildPhase;
			buildActionMask = 2147483647;
			files = (
				84232CD51B2D7DE000E0BE11 /* attention high risk collision area.m4a in Resources */,
				42C6A8B51B0A0FAC00EE1518 /* WarningView.xib in Resources */,
				84232CDF1B2D7DE000E0BE11 /* Stop sign violation.m4a in Resources */,
				9BC3392F1AE296250046AAB5 /* termofusage.html in Resources */,
				84232CDE1B2D7DE000E0BE11 /* School zone.m4a in Resources */,
				42C6A8C91B0A1B6300EE1518 /* HotSpotDetailViewHeaderCell.xib in Resources */,
				4290A0AE1AF6050100CB46E5 /* HotSpotTableViewCell.xib in Resources */,
				9B295C0A1ADFF0B200758837 /* FirstLaunch.storyboard in Resources */,
				84232CD61B2D7DE000E0BE11 /* Cyclist.m4a in Resources */,
				84232CD41B2D7DE000E0BE11 /* afternoon rush hour.m4a in Resources */,
				42C6A8B31B0A0FAC00EE1518 /* HotSpotDetailView.xib in Resources */,
				84232CDD1B2D7DE000E0BE11 /* Red-light running.m4a in Resources */,
				8F0DC9121BC1294800BE6496 /* constant.plist in Resources */,
				425754B71B088BA20046433F /* 20150517013203-58195-data.gpx in Resources */,
				426EC3471B92E67100ED4BBA /* HotspotListVC.xib in Resources */,
				42C6A8C71B0A1B6300EE1518 /* HotSpotDetailViewBodyCell.xib in Resources */,
				8475E8651B1218FB000E0AD5 /* smartTravel.sqlite in Resources */,
				84232CDA1B2D7DE000E0BE11 /* Motorcyclist.m4a in Resources */,
				84232CD71B2D7DE000E0BE11 /* Improper lane change.m4a in Resources */,
				84232CDB1B2D7DE000E0BE11 /* Pedestrians.m4a in Resources */,
				9B6A85BA1ADFDF0000667170 /* Main.storyboard in Resources */,
				9B6A85BF1ADFDF0000667170 /* LaunchScreen.xib in Resources */,
				849289B01B7733C900837FF7 /* DataUpdateVC.xib in Resources */,
				9B6A85BC1ADFDF0000667170 /* Images.xcassets in Resources */,
				9BC461CD1BEE5A860011354F /* drive.gpx in Resources */,
				84232CDC1B2D7DE000E0BE11 /* Ran off road.m4a in Resources */,
				849DE7D61B7B825400B1FA3D /* NoInterfereVC.xib in Resources */,
				84232CD91B2D7DE000E0BE11 /* Morning rush hour.m4a in Resources */,
				84232CE01B2D7DE000E0BE11 /* weekend early morning.m4a in Resources */,
				9B5EE8641AF3EEE600524F4A /* default.gpx in Resources */,
				84232CD81B2D7DE000E0BE11 /* increase the gap.m4a in Resources */,
				8F1E645B1BE247EA00E1DE37 /* template.sqlite in Resources */,
			);
			runOnlyForDeploymentPostprocessing = 0;
		};
		9B6A85C21ADFDF0000667170 /* Resources */ = {
			isa = PBXResourcesBuildPhase;
			buildActionMask = 2147483647;
			files = (
				9B6C7DA31AF4FFA300DF6FA9 /* testDb.sqlite in Resources */,
			);
			runOnlyForDeploymentPostprocessing = 0;
		};
/* End PBXResourcesBuildPhase section */

/* Begin PBXShellScriptBuildPhase section */
		145FA6AE1F1CD9AF0D7293DF /* Copy Pods Resources */ = {
			isa = PBXShellScriptBuildPhase;
			buildActionMask = 2147483647;
			files = (
			);
			inputPaths = (
			);
			name = "Copy Pods Resources";
			outputPaths = (
			);
			runOnlyForDeploymentPostprocessing = 0;
			shellPath = /bin/sh;
			shellScript = "\"${SRCROOT}/Pods/Target Support Files/Pods-SmartTravel/Pods-SmartTravel-resources.sh\"\n";
			showEnvVarsInLog = 0;
		};
		2E66B30782904D38A1CE32E8 /* Check Pods Manifest.lock */ = {
			isa = PBXShellScriptBuildPhase;
			buildActionMask = 2147483647;
			files = (
			);
			inputPaths = (
			);
			name = "Check Pods Manifest.lock";
			outputPaths = (
			);
			runOnlyForDeploymentPostprocessing = 0;
			shellPath = /bin/sh;
			shellScript = "diff \"${PODS_ROOT}/../Podfile.lock\" \"${PODS_ROOT}/Manifest.lock\" > /dev/null\nif [[ $? != 0 ]] ; then\n    cat << EOM\nerror: The sandbox is not in sync with the Podfile.lock. Run 'pod install' or update your CocoaPods installation.\nEOM\n    exit 1\nfi\n";
			showEnvVarsInLog = 0;
		};
		F438F13402278AB20B8E4A53 /* Check Pods Manifest.lock */ = {
			isa = PBXShellScriptBuildPhase;
			buildActionMask = 2147483647;
			files = (
			);
			inputPaths = (
			);
			name = "Check Pods Manifest.lock";
			outputPaths = (
			);
			runOnlyForDeploymentPostprocessing = 0;
			shellPath = /bin/sh;
			shellScript = "diff \"${PODS_ROOT}/../Podfile.lock\" \"${PODS_ROOT}/Manifest.lock\" > /dev/null\nif [[ $? != 0 ]] ; then\n    cat << EOM\nerror: The sandbox is not in sync with the Podfile.lock. Run 'pod install' or update your CocoaPods installation.\nEOM\n    exit 1\nfi\n";
			showEnvVarsInLog = 0;
		};
		FDEB9675A778653F5CD99EAF /* Copy Pods Resources */ = {
			isa = PBXShellScriptBuildPhase;
			buildActionMask = 2147483647;
			files = (
			);
			inputPaths = (
			);
			name = "Copy Pods Resources";
			outputPaths = (
			);
			runOnlyForDeploymentPostprocessing = 0;
			shellPath = /bin/sh;
			shellScript = "\"${SRCROOT}/Pods/Target Support Files/Pods-SmartTravelTests/Pods-SmartTravelTests-resources.sh\"\n";
			showEnvVarsInLog = 0;
		};
/* End PBXShellScriptBuildPhase section */

/* Begin PBXSourcesBuildPhase section */
		9B6A85A71ADFDEFF00667170 /* Sources */ = {
			isa = PBXSourcesBuildPhase;
			buildActionMask = 2147483647;
			files = (
				84A5BC531B7DFACC001EAECB /* LocationRecordManager.m in Sources */,
				8FE05CF81BB7E68600118F2A /* LayerManager.m in Sources */,
				8FE05CF51BB7DFAD00118F2A /* CollisionMarkerManager.m in Sources */,
				42C6A8B41B0A0FAC00EE1518 /* WarningView.m in Sources */,
				4225F8341B081A4100C5A73F /* DBLocationAdapter.m in Sources */,
				84AC4A5A1B7D6C4600842F88 /* LocationRecord.m in Sources */,
				4225F8361B081A4100C5A73F /* DBReasonAdapter.m in Sources */,
				42C6A8A61B0A0CEC00EE1518 /* HotSpot.m in Sources */,
				4225F8431B0829C200C5A73F /* DBConstants.m in Sources */,
				84A5BC561B7DFACC001EAECB /* StateMachine.m in Sources */,
				9B6A85B41ADFDEFF00667170 /* AppDelegate.m in Sources */,
				84A5BC541B7DFACC001EAECB /* MapModeManager.m in Sources */,
				8FEFC81C1BB810E300A2F922 /* CollisionShapeManager.m in Sources */,
				42E9F1A01BAD7FD2000EAB39 /* ShapeManager.m in Sources */,
				84A5BC551B7DFACC001EAECB /* ResourceManager.m in Sources */,
				4290A0AD1AF6050100CB46E5 /* HotSpotTableViewCell.m in Sources */,
				4203DDB91B0879350002D67F /* DateUtility.m in Sources */,
				84F38DF81B108D0900A0EB42 /* AppLocationManager.m in Sources */,
				42C6A8C81B0A1B6300EE1518 /* HotSpotDetailViewHeaderCell.m in Sources */,
				42C6A8C61B0A1B6300EE1518 /* HotSpotDetailViewBodyCell.m in Sources */,
				9B6C7DA81AF500C500DF6FA9 /* DBManager.m in Sources */,
				8FE05CEF1BB79AFB00118F2A /* MarkerManagerFactory.m in Sources */,
				42E9F1A31BAD840C000EAB39 /* LocationCoordinate.m in Sources */,
				8FEFC8191BB8103E00A2F922 /* SchoolShapeManager.m in Sources */,
				841EE2AE1B9482170022A067 /* STConstants.m in Sources */,
				9B812DD91AEB3E9D008F17B6 /* ReasonListVC.m in Sources */,
				9B812DDC1AEB3EB7008F17B6 /* SettingsViewController.m in Sources */,
				426EC33A1B92D9AF00ED4BBA /* UIColor+ST.m in Sources */,
				9B6A85B11ADFDEFF00667170 /* main.m in Sources */,
				9BCEBC791ADFF317003C9F05 /* TermOfUsageViewController.m in Sources */,
				9BF1281A1AFE537D008E72DA /* Direction.m in Sources */,
				9B7E59511AE37FD10008D25C /* TermUsage.m in Sources */,
				84A5BC521B7DFACC001EAECB /* AudioManager.m in Sources */,
				8FE05CF21BB7DF8F00118F2A /* SchoolMarkerManager.m in Sources */,
				849DE7D51B7B825400B1FA3D /* NoInterfereVC.m in Sources */,
				84A5BC511B7DFACC001EAECB /* AppSettingManager.m in Sources */,
				9B7E59601AE3966F0008D25C /* HomeViewController.m in Sources */,
				426EC3461B92E67100ED4BBA /* HotspotListVC.m in Sources */,
				426BC42D1B9D3CD50094F509 /* VoicePromptInfo.m in Sources */,
				849289AF1B7733C900837FF7 /* DataUpdateVC.m in Sources */,
				84F38DF21B102B3300A0EB42 /* Marker.m in Sources */,
				42C6A8B21B0A0FAC00EE1518 /* HotSpotDetailView.m in Sources */,
				84AC4A571B7D680A00842F88 /* Queue.m in Sources */,
				9B7E59551AE3882A0008D25C /* GuideViewController.m in Sources */,
				8FEFC81F1BB8156900A2F922 /* ShapeManagerFactory.m in Sources */,
				9BDBCA461AF8EEE600F23275 /* MarkerManager.m in Sources */,
				84F38DDC1B0FE86C00A0EB42 /* DBVersionAdapter.m in Sources */,
				42E9F19A1BACE702000EAB39 /* ReasonInfo.m in Sources */,
				84F38DE11B1000E100A0EB42 /* DBDayTypeAdapter.m in Sources */,
				8FE05CEC1BB63F0A00118F2A /* DBSchoolAdapter.m in Sources */,
			);
			runOnlyForDeploymentPostprocessing = 0;
		};
		9B6A85C01ADFDF0000667170 /* Sources */ = {
			isa = PBXSourcesBuildPhase;
			buildActionMask = 2147483647;
			files = (
				8F44EBB91BB58629005A9E0B /* LocationCoordinate.m in Sources */,
				84DB0BA41B9C7FBE00938F60 /* DateUtility.m in Sources */,
				84DB0BA61B9C7FDC00938F60 /* DateUtilityTC.m in Sources */,
				8F44EBBB1BB58676005A9E0B /* LocationArrayParseTC.m in Sources */,
			);
			runOnlyForDeploymentPostprocessing = 0;
		};
/* End PBXSourcesBuildPhase section */

/* Begin PBXTargetDependency section */
		9B6A85C61ADFDF0000667170 /* PBXTargetDependency */ = {
			isa = PBXTargetDependency;
			target = 9B6A85AA1ADFDEFF00667170 /* SmartTravel */;
			targetProxy = 9B6A85C51ADFDF0000667170 /* PBXContainerItemProxy */;
		};
/* End PBXTargetDependency section */

/* Begin PBXVariantGroup section */
		9B295C081ADFF0B200758837 /* FirstLaunch.storyboard */ = {
			isa = PBXVariantGroup;
			children = (
				9B295C091ADFF0B200758837 /* Base */,
			);
			name = FirstLaunch.storyboard;
			sourceTree = "<group>";
		};
		9B6A85B81ADFDF0000667170 /* Main.storyboard */ = {
			isa = PBXVariantGroup;
			children = (
				9B6A85B91ADFDF0000667170 /* Base */,
			);
			name = Main.storyboard;
			sourceTree = "<group>";
		};
		9B6A85BD1ADFDF0000667170 /* LaunchScreen.xib */ = {
			isa = PBXVariantGroup;
			children = (
				9B6A85BE1ADFDF0000667170 /* Base */,
			);
			name = LaunchScreen.xib;
			sourceTree = "<group>";
		};
/* End PBXVariantGroup section */

/* Begin XCBuildConfiguration section */
		9B6A85CC1ADFDF0000667170 /* Debug */ = {
			isa = XCBuildConfiguration;
			buildSettings = {
				ALWAYS_SEARCH_USER_PATHS = NO;
				CLANG_CXX_LANGUAGE_STANDARD = "gnu++0x";
				CLANG_CXX_LIBRARY = "libc++";
				CLANG_ENABLE_MODULES = YES;
				CLANG_ENABLE_OBJC_ARC = YES;
				CLANG_WARN_BOOL_CONVERSION = YES;
				CLANG_WARN_CONSTANT_CONVERSION = YES;
				CLANG_WARN_DIRECT_OBJC_ISA_USAGE = YES_ERROR;
				CLANG_WARN_EMPTY_BODY = YES;
				CLANG_WARN_ENUM_CONVERSION = YES;
				CLANG_WARN_INT_CONVERSION = YES;
				CLANG_WARN_OBJC_ROOT_CLASS = YES_ERROR;
				CLANG_WARN_UNREACHABLE_CODE = YES;
				CLANG_WARN__DUPLICATE_METHOD_MATCH = YES;
				CODE_SIGN_IDENTITY = "iPhone Developer: Pengyu Chen (4B6W3LGDEX)";
				"CODE_SIGN_IDENTITY[sdk=iphoneos*]" = "iPhone Developer: Pengyu Chen (4B6W3LGDEX)";
				COPY_PHASE_STRIP = NO;
				ENABLE_STRICT_OBJC_MSGSEND = YES;
				ENABLE_TESTABILITY = YES;
				GCC_C_LANGUAGE_STANDARD = gnu99;
				GCC_DYNAMIC_NO_PIC = NO;
				GCC_OPTIMIZATION_LEVEL = 0;
				GCC_PREPROCESSOR_DEFINITIONS = (
					"DEBUG=1",
					"$(inherited)",
				);
				GCC_SYMBOLS_PRIVATE_EXTERN = NO;
				GCC_WARN_64_TO_32_BIT_CONVERSION = YES;
				GCC_WARN_ABOUT_RETURN_TYPE = YES_ERROR;
				GCC_WARN_UNDECLARED_SELECTOR = YES;
				GCC_WARN_UNINITIALIZED_AUTOS = YES_AGGRESSIVE;
				GCC_WARN_UNUSED_FUNCTION = YES;
				GCC_WARN_UNUSED_VARIABLE = YES;
				IPHONEOS_DEPLOYMENT_TARGET = 8.2;
				MTL_ENABLE_DEBUG_INFO = YES;
				ONLY_ACTIVE_ARCH = YES;
				PROVISIONING_PROFILE = "";
				SDKROOT = iphoneos;
			};
			name = Debug;
		};
		9B6A85CD1ADFDF0000667170 /* Release */ = {
			isa = XCBuildConfiguration;
			buildSettings = {
				ALWAYS_SEARCH_USER_PATHS = NO;
				CLANG_CXX_LANGUAGE_STANDARD = "gnu++0x";
				CLANG_CXX_LIBRARY = "libc++";
				CLANG_ENABLE_MODULES = YES;
				CLANG_ENABLE_OBJC_ARC = YES;
				CLANG_WARN_BOOL_CONVERSION = YES;
				CLANG_WARN_CONSTANT_CONVERSION = YES;
				CLANG_WARN_DIRECT_OBJC_ISA_USAGE = YES_ERROR;
				CLANG_WARN_EMPTY_BODY = YES;
				CLANG_WARN_ENUM_CONVERSION = YES;
				CLANG_WARN_INT_CONVERSION = YES;
				CLANG_WARN_OBJC_ROOT_CLASS = YES_ERROR;
				CLANG_WARN_UNREACHABLE_CODE = YES;
				CLANG_WARN__DUPLICATE_METHOD_MATCH = YES;
				CODE_SIGN_IDENTITY = "iPhone Developer: Pengyu Chen (4B6W3LGDEX)";
				"CODE_SIGN_IDENTITY[sdk=iphoneos*]" = "iPhone Developer: Pengyu Chen (4B6W3LGDEX)";
				COPY_PHASE_STRIP = NO;
				ENABLE_NS_ASSERTIONS = NO;
				ENABLE_STRICT_OBJC_MSGSEND = YES;
				GCC_C_LANGUAGE_STANDARD = gnu99;
				GCC_WARN_64_TO_32_BIT_CONVERSION = YES;
				GCC_WARN_ABOUT_RETURN_TYPE = YES_ERROR;
				GCC_WARN_UNDECLARED_SELECTOR = YES;
				GCC_WARN_UNINITIALIZED_AUTOS = YES_AGGRESSIVE;
				GCC_WARN_UNUSED_FUNCTION = YES;
				GCC_WARN_UNUSED_VARIABLE = YES;
				IPHONEOS_DEPLOYMENT_TARGET = 8.2;
				MTL_ENABLE_DEBUG_INFO = NO;
				PROVISIONING_PROFILE = "";
				SDKROOT = iphoneos;
				VALIDATE_PRODUCT = YES;
			};
			name = Release;
		};
		9B6A85CF1ADFDF0000667170 /* Debug */ = {
			isa = XCBuildConfiguration;
			baseConfigurationReference = 3B0D027AB13F8856B8F4BA29 /* Pods-SmartTravel.debug.xcconfig */;
			buildSettings = {
				ASSETCATALOG_COMPILER_APPICON_NAME = AppIcon;
				ASSETCATALOG_COMPILER_LAUNCHIMAGE_NAME = LaunchImage;
				CODE_SIGN_IDENTITY = "";
				"CODE_SIGN_IDENTITY[sdk=iphoneos*]" = "";
				ENABLE_BITCODE = NO;
				INFOPLIST_FILE = SmartTravel/Info.plist;
				IPHONEOS_DEPLOYMENT_TARGET = 7.0;
				LD_RUNPATH_SEARCH_PATHS = "$(inherited) @executable_path/Frameworks";
				LIBRARY_SEARCH_PATHS = (
					"$(inherited)",
					"$(PROJECT_DIR)/build/Debug-iphoneos",
					"$(PROJECT_DIR)/SmartTravel/3rdParty/Flurry",
				);
				PRODUCT_BUNDLE_IDENTIFIER = "com.gongwei.$(PRODUCT_NAME:rfc1034identifier)";
				PRODUCT_NAME = "$(TARGET_NAME)";
				PROVISIONING_PROFILE = "c11a59e7-8ec1-4b75-8518-316fbba469c5";
			};
			name = Debug;
		};
		9B6A85D01ADFDF0000667170 /* Release */ = {
			isa = XCBuildConfiguration;
			baseConfigurationReference = 6928DA7D73FEF35E1EBF313F /* Pods-SmartTravel.release.xcconfig */;
			buildSettings = {
				ASSETCATALOG_COMPILER_APPICON_NAME = AppIcon;
				ASSETCATALOG_COMPILER_LAUNCHIMAGE_NAME = LaunchImage;
				CODE_SIGN_IDENTITY = "";
				"CODE_SIGN_IDENTITY[sdk=iphoneos*]" = "";
				ENABLE_BITCODE = NO;
				INFOPLIST_FILE = SmartTravel/Info.plist;
				IPHONEOS_DEPLOYMENT_TARGET = 7.0;
				LD_RUNPATH_SEARCH_PATHS = "$(inherited) @executable_path/Frameworks";
				LIBRARY_SEARCH_PATHS = (
					"$(inherited)",
					"$(PROJECT_DIR)/build/Debug-iphoneos",
					"$(PROJECT_DIR)/SmartTravel/3rdParty/Flurry",
				);
				PRODUCT_BUNDLE_IDENTIFIER = "com.gongwei.$(PRODUCT_NAME:rfc1034identifier)";
				PRODUCT_NAME = "$(TARGET_NAME)";
				PROVISIONING_PROFILE = "c11a59e7-8ec1-4b75-8518-316fbba469c5";
			};
			name = Release;
		};
		9B6A85D21ADFDF0000667170 /* Debug */ = {
			isa = XCBuildConfiguration;
			baseConfigurationReference = 171AC3DFEC430AD99FCFEE1E /* Pods-SmartTravelTests.debug.xcconfig */;
			buildSettings = {
				BUNDLE_LOADER = "$(TEST_HOST)";
				FRAMEWORK_SEARCH_PATHS = (
					"$(SDKROOT)/Developer/Library/Frameworks",
					"$(inherited)",
				);
				GCC_PREPROCESSOR_DEFINITIONS = (
					"DEBUG=1",
					"$(inherited)",
				);
				INFOPLIST_FILE = SmartTravelTests/Info.plist;
				LD_RUNPATH_SEARCH_PATHS = "$(inherited) @executable_path/Frameworks @loader_path/Frameworks";
				PRODUCT_BUNDLE_IDENTIFIER = "com.gongwei.$(PRODUCT_NAME:rfc1034identifier)";
				PRODUCT_NAME = "$(TARGET_NAME)";
				TEST_HOST = "$(BUILT_PRODUCTS_DIR)/SmartTravel.app/SmartTravel";
			};
			name = Debug;
		};
		9B6A85D31ADFDF0000667170 /* Release */ = {
			isa = XCBuildConfiguration;
			baseConfigurationReference = 8D390935FB46D35A2294BF7D /* Pods-SmartTravelTests.release.xcconfig */;
			buildSettings = {
				BUNDLE_LOADER = "$(TEST_HOST)";
				FRAMEWORK_SEARCH_PATHS = (
					"$(SDKROOT)/Developer/Library/Frameworks",
					"$(inherited)",
				);
				INFOPLIST_FILE = SmartTravelTests/Info.plist;
				LD_RUNPATH_SEARCH_PATHS = "$(inherited) @executable_path/Frameworks @loader_path/Frameworks";
				PRODUCT_BUNDLE_IDENTIFIER = "com.gongwei.$(PRODUCT_NAME:rfc1034identifier)";
				PRODUCT_NAME = "$(TARGET_NAME)";
				TEST_HOST = "$(BUILT_PRODUCTS_DIR)/SmartTravel.app/SmartTravel";
			};
			name = Release;
		};
/* End XCBuildConfiguration section */

/* Begin XCConfigurationList section */
		9B6A85A61ADFDEFF00667170 /* Build configuration list for PBXProject "SmartTravel" */ = {
			isa = XCConfigurationList;
			buildConfigurations = (
				9B6A85CC1ADFDF0000667170 /* Debug */,
				9B6A85CD1ADFDF0000667170 /* Release */,
			);
			defaultConfigurationIsVisible = 0;
			defaultConfigurationName = Release;
		};
		9B6A85CE1ADFDF0000667170 /* Build configuration list for PBXNativeTarget "SmartTravel" */ = {
			isa = XCConfigurationList;
			buildConfigurations = (
				9B6A85CF1ADFDF0000667170 /* Debug */,
				9B6A85D01ADFDF0000667170 /* Release */,
			);
			defaultConfigurationIsVisible = 0;
			defaultConfigurationName = Release;
		};
		9B6A85D11ADFDF0000667170 /* Build configuration list for PBXNativeTarget "SmartTravelTests" */ = {
			isa = XCConfigurationList;
			buildConfigurations = (
				9B6A85D21ADFDF0000667170 /* Debug */,
				9B6A85D31ADFDF0000667170 /* Release */,
			);
			defaultConfigurationIsVisible = 0;
			defaultConfigurationName = Release;
		};
/* End XCConfigurationList section */
	};
	rootObject = 9B6A85A31ADFDEFF00667170 /* Project object */;
}
