// !$*UTF8*$!
{
	archiveVersion = 1;
	classes = {
	};
	objectVersion = 46;
	objects = {

/* Begin PBXBuildFile section */
		1E2E79F51E63E734D1BFE0B5 /* libPods-SmartTravelTests.a in Frameworks */ = {isa = PBXBuildFile; fileRef = 5EEEC9CCD391050A8D1BA199 /* libPods-SmartTravelTests.a */; };
		420096141AFEEE2600B43630 /* smartTravelTemplate.sqlite in Resources */ = {isa = PBXBuildFile; fileRef = 420096121AFEEE2600B43630 /* smartTravelTemplate.sqlite */; };
		4200961C1AFEF05800B43630 /* TopIntersection.m in Sources */ = {isa = PBXBuildFile; fileRef = 4200961B1AFEF05800B43630 /* TopIntersection.m */; };
		420096201AFEF19200B43630 /* TopMidblock.m in Sources */ = {isa = PBXBuildFile; fileRef = 4200961F1AFEF19200B43630 /* TopMidblock.m */; };
		420096231AFEF25600B43630 /* TopPedestrian.m in Sources */ = {isa = PBXBuildFile; fileRef = 420096221AFEF25600B43630 /* TopPedestrian.m */; };
		420096261AFEF31C00B43630 /* TopCyclist.m in Sources */ = {isa = PBXBuildFile; fileRef = 420096251AFEF31C00B43630 /* TopCyclist.m */; };
		420096291AFEF37B00B43630 /* TopMotorcyclist.m in Sources */ = {isa = PBXBuildFile; fileRef = 420096281AFEF37B00B43630 /* TopMotorcyclist.m */; };
		4203DDB91B0879350002D67F /* DateUtility.m in Sources */ = {isa = PBXBuildFile; fileRef = 4203DDB61B0879350002D67F /* DateUtility.m */; };
		4203DDBA1B0879350002D67F /* ModelUtility.m in Sources */ = {isa = PBXBuildFile; fileRef = 4203DDB81B0879350002D67F /* ModelUtility.m */; };
		4225F8331B081A4100C5A73F /* DBDateAdapter.m in Sources */ = {isa = PBXBuildFile; fileRef = 4225F82C1B081A4100C5A73F /* DBDateAdapter.m */; };
		4225F8341B081A4100C5A73F /* DBLocationAdapter.m in Sources */ = {isa = PBXBuildFile; fileRef = 4225F82E1B081A4100C5A73F /* DBLocationAdapter.m */; };
		4225F8351B081A4100C5A73F /* DBLocationReasonAdapter.m in Sources */ = {isa = PBXBuildFile; fileRef = 4225F8301B081A4100C5A73F /* DBLocationReasonAdapter.m */; };
		4225F8361B081A4100C5A73F /* DBReasonAdapter.m in Sources */ = {isa = PBXBuildFile; fileRef = 4225F8321B081A4100C5A73F /* DBReasonAdapter.m */; };
		4225F8431B0829C200C5A73F /* DBConstants.m in Sources */ = {isa = PBXBuildFile; fileRef = 4225F83E1B0829C200C5A73F /* DBConstants.m */; };
		4225F8441B0829C200C5A73F /* JSONConstants.m in Sources */ = {isa = PBXBuildFile; fileRef = 4225F8401B0829C200C5A73F /* JSONConstants.m */; };
		4225F8481B082A3800C5A73F /* JSONManager.m in Sources */ = {isa = PBXBuildFile; fileRef = 4225F8471B082A3800C5A73F /* JSONManager.m */; };
		4229775E1B080ECD00A11E90 /* TBL_COLLISION_LOCATION.json in Resources */ = {isa = PBXBuildFile; fileRef = 4229775A1B080ECD00A11E90 /* TBL_COLLISION_LOCATION.json */; };
		4229775F1B080ECD00A11E90 /* TBL_LOCATION_REASON.json in Resources */ = {isa = PBXBuildFile; fileRef = 4229775B1B080ECD00A11E90 /* TBL_LOCATION_REASON.json */; };
		422977601B080ECD00A11E90 /* TBL_WM_DAYTYPE.json in Resources */ = {isa = PBXBuildFile; fileRef = 4229775C1B080ECD00A11E90 /* TBL_WM_DAYTYPE.json */; };
		422977611B080ECD00A11E90 /* TBL_WM_REASON_CONDITION.json in Resources */ = {isa = PBXBuildFile; fileRef = 4229775D1B080ECD00A11E90 /* TBL_WM_REASON_CONDITION.json */; };
		4229776A1B080EF000A11E90 /* JSONCollisionLocation.m in Sources */ = {isa = PBXBuildFile; fileRef = 422977631B080EF000A11E90 /* JSONCollisionLocation.m */; };
		4229776B1B080EF000A11E90 /* JSONLocationReason.m in Sources */ = {isa = PBXBuildFile; fileRef = 422977651B080EF000A11E90 /* JSONLocationReason.m */; };
		4229776C1B080EF000A11E90 /* JSONWMDayType.m in Sources */ = {isa = PBXBuildFile; fileRef = 422977671B080EF000A11E90 /* JSONWMDayType.m */; };
		4229776D1B080EF000A11E90 /* JSONWMReasonCondition.m in Sources */ = {isa = PBXBuildFile; fileRef = 422977691B080EF000A11E90 /* JSONWMReasonCondition.m */; };
		422977821B0810DB00A11E90 /* DBCollisionLocation.m in Sources */ = {isa = PBXBuildFile; fileRef = 4229777E1B0810DB00A11E90 /* DBCollisionLocation.m */; };
		422977831B0810DB00A11E90 /* DBLocationReason.m in Sources */ = {isa = PBXBuildFile; fileRef = 4229777F1B0810DB00A11E90 /* DBLocationReason.m */; };
		422977841B0810DB00A11E90 /* DBWMDayType.m in Sources */ = {isa = PBXBuildFile; fileRef = 422977801B0810DB00A11E90 /* DBWMDayType.m */; };
		422977851B0810DB00A11E90 /* DBWMReasonCondition.m in Sources */ = {isa = PBXBuildFile; fileRef = 422977811B0810DB00A11E90 /* DBWMReasonCondition.m */; };
		425754B71B088BA20046433F /* 20150517013203-58195-data.gpx in Resources */ = {isa = PBXBuildFile; fileRef = 425754B61B088BA20046433F /* 20150517013203-58195-data.gpx */; };
		4290A0A91AF600AE00CB46E5 /* smartTravelDb.sqlite in Resources */ = {isa = PBXBuildFile; fileRef = 4290A0A81AF600AE00CB46E5 /* smartTravelDb.sqlite */; };
		4290A0AD1AF6050100CB46E5 /* HotSpotTableViewCell.m in Sources */ = {isa = PBXBuildFile; fileRef = 4290A0AB1AF6050100CB46E5 /* HotSpotTableViewCell.m */; };
		4290A0AE1AF6050100CB46E5 /* HotSpotTableViewCell.xib in Resources */ = {isa = PBXBuildFile; fileRef = 4290A0AC1AF6050100CB46E5 /* HotSpotTableViewCell.xib */; };
		42C6A8A61B0A0CEC00EE1518 /* HotSpot.m in Sources */ = {isa = PBXBuildFile; fileRef = 42C6A8A51B0A0CEC00EE1518 /* HotSpot.m */; };
		42C6A8B21B0A0FAC00EE1518 /* HotSpotDetailView.m in Sources */ = {isa = PBXBuildFile; fileRef = 42C6A8AD1B0A0FAC00EE1518 /* HotSpotDetailView.m */; };
		42C6A8B31B0A0FAC00EE1518 /* HotSpotDetailView.xib in Resources */ = {isa = PBXBuildFile; fileRef = 42C6A8AE1B0A0FAC00EE1518 /* HotSpotDetailView.xib */; };
		42C6A8B41B0A0FAC00EE1518 /* WarningView.m in Sources */ = {isa = PBXBuildFile; fileRef = 42C6A8B01B0A0FAC00EE1518 /* WarningView.m */; };
		42C6A8B51B0A0FAC00EE1518 /* WarningView.xib in Resources */ = {isa = PBXBuildFile; fileRef = 42C6A8B11B0A0FAC00EE1518 /* WarningView.xib */; };
		42C6A8C61B0A1B6300EE1518 /* HotSpotDetailViewBodyCell.m in Sources */ = {isa = PBXBuildFile; fileRef = 42C6A8C11B0A1B6300EE1518 /* HotSpotDetailViewBodyCell.m */; };
		42C6A8C71B0A1B6300EE1518 /* HotSpotDetailViewBodyCell.xib in Resources */ = {isa = PBXBuildFile; fileRef = 42C6A8C21B0A1B6300EE1518 /* HotSpotDetailViewBodyCell.xib */; };
		42C6A8C81B0A1B6300EE1518 /* HotSpotDetailViewHeaderCell.m in Sources */ = {isa = PBXBuildFile; fileRef = 42C6A8C41B0A1B6300EE1518 /* HotSpotDetailViewHeaderCell.m */; };
		42C6A8C91B0A1B6300EE1518 /* HotSpotDetailViewHeaderCell.xib in Resources */ = {isa = PBXBuildFile; fileRef = 42C6A8C51B0A1B6300EE1518 /* HotSpotDetailViewHeaderCell.xib */; };
		6613E4635B5E884F0B519EDB /* libPods-SmartTravel.a in Frameworks */ = {isa = PBXBuildFile; fileRef = 1FC29DFEB55D05F2F0E0316D /* libPods-SmartTravel.a */; };
		84F38DDC1B0FE86C00A0EB42 /* DBVersionAdapter.m in Sources */ = {isa = PBXBuildFile; fileRef = 84F38DDB1B0FE86C00A0EB42 /* DBVersionAdapter.m */; };
		9B295C0A1ADFF0B200758837 /* FirstLaunch.storyboard in Resources */ = {isa = PBXBuildFile; fileRef = 9B295C081ADFF0B200758837 /* FirstLaunch.storyboard */; };
		9B5EE8641AF3EEE600524F4A /* default.gpx in Resources */ = {isa = PBXBuildFile; fileRef = 9B5EE8631AF3EEE600524F4A /* default.gpx */; };
		9B5EE8691AF3F6B400524F4A /* CircleMarker.m in Sources */ = {isa = PBXBuildFile; fileRef = 9B5EE8681AF3F6B400524F4A /* CircleMarker.m */; };
		9B6A85B11ADFDEFF00667170 /* main.m in Sources */ = {isa = PBXBuildFile; fileRef = 9B6A85B01ADFDEFF00667170 /* main.m */; };
		9B6A85B41ADFDEFF00667170 /* AppDelegate.m in Sources */ = {isa = PBXBuildFile; fileRef = 9B6A85B31ADFDEFF00667170 /* AppDelegate.m */; };
		9B6A85B71ADFDEFF00667170 /* ViewController.m in Sources */ = {isa = PBXBuildFile; fileRef = 9B6A85B61ADFDEFF00667170 /* ViewController.m */; };
		9B6A85BA1ADFDF0000667170 /* Main.storyboard in Resources */ = {isa = PBXBuildFile; fileRef = 9B6A85B81ADFDF0000667170 /* Main.storyboard */; };
		9B6A85BC1ADFDF0000667170 /* Images.xcassets in Resources */ = {isa = PBXBuildFile; fileRef = 9B6A85BB1ADFDF0000667170 /* Images.xcassets */; };
		9B6A85BF1ADFDF0000667170 /* LaunchScreen.xib in Resources */ = {isa = PBXBuildFile; fileRef = 9B6A85BD1ADFDF0000667170 /* LaunchScreen.xib */; };
		9B6C7DA31AF4FFA300DF6FA9 /* testDb.sqlite in Resources */ = {isa = PBXBuildFile; fileRef = 9B6C7DA21AF4FFA300DF6FA9 /* testDb.sqlite */; };
		9B6C7DA81AF500C500DF6FA9 /* DBManager.m in Sources */ = {isa = PBXBuildFile; fileRef = 9B6C7DA71AF500C500DF6FA9 /* DBManager.m */; };
		9B7E59511AE37FD10008D25C /* TermUsage.m in Sources */ = {isa = PBXBuildFile; fileRef = 9B7E59501AE37FD10008D25C /* TermUsage.m */; };
		9B7E59551AE3882A0008D25C /* GuideViewController.m in Sources */ = {isa = PBXBuildFile; fileRef = 9B7E59531AE3882A0008D25C /* GuideViewController.m */; };
		9B7E595B1AE38F610008D25C /* MapKit.framework in Frameworks */ = {isa = PBXBuildFile; fileRef = 9B7E595A1AE38F610008D25C /* MapKit.framework */; };
		9B7E595D1AE38F660008D25C /* CoreLocation.framework in Frameworks */ = {isa = PBXBuildFile; fileRef = 9B7E595C1AE38F660008D25C /* CoreLocation.framework */; };
		9B7E59601AE3966F0008D25C /* HomeViewController.m in Sources */ = {isa = PBXBuildFile; fileRef = 9B7E595F1AE3966F0008D25C /* HomeViewController.m */; };
		9B812DD91AEB3E9D008F17B6 /* HotSpotListViewController.m in Sources */ = {isa = PBXBuildFile; fileRef = 9B812DD81AEB3E9D008F17B6 /* HotSpotListViewController.m */; };
		9B812DDC1AEB3EB7008F17B6 /* SettingsViewController.m in Sources */ = {isa = PBXBuildFile; fileRef = 9B812DDB1AEB3EB7008F17B6 /* SettingsViewController.m */; };
		9BC3392F1AE296250046AAB5 /* termofusage.html in Resources */ = {isa = PBXBuildFile; fileRef = 9BC3392E1AE296250046AAB5 /* termofusage.html */; };
		9BCEBC791ADFF317003C9F05 /* TermOfUsageViewController.m in Sources */ = {isa = PBXBuildFile; fileRef = 9BCEBC781ADFF317003C9F05 /* TermOfUsageViewController.m */; };
		9BDBCA461AF8EEE600F23275 /* MarkerManager.m in Sources */ = {isa = PBXBuildFile; fileRef = 9BDBCA451AF8EEE600F23275 /* MarkerManager.m */; };
		9BF1281A1AFE537D008E72DA /* Direction.m in Sources */ = {isa = PBXBuildFile; fileRef = 9BF128191AFE537D008E72DA /* Direction.m */; };
/* End PBXBuildFile section */

/* Begin PBXContainerItemProxy section */
		9B6A85C51ADFDF0000667170 /* PBXContainerItemProxy */ = {
			isa = PBXContainerItemProxy;
			containerPortal = 9B6A85A31ADFDEFF00667170 /* Project object */;
			proxyType = 1;
			remoteGlobalIDString = 9B6A85AA1ADFDEFF00667170;
			remoteInfo = SmartTravel;
		};
/* End PBXContainerItemProxy section */

/* Begin PBXFileReference section */
		171AC3DFEC430AD99FCFEE1E /* Pods-SmartTravelTests.debug.xcconfig */ = {isa = PBXFileReference; includeInIndex = 1; lastKnownFileType = text.xcconfig; name = "Pods-SmartTravelTests.debug.xcconfig"; path = "Pods/Target Support Files/Pods-SmartTravelTests/Pods-SmartTravelTests.debug.xcconfig"; sourceTree = "<group>"; };
		1FC29DFEB55D05F2F0E0316D /* libPods-SmartTravel.a */ = {isa = PBXFileReference; explicitFileType = archive.ar; includeInIndex = 0; path = "libPods-SmartTravel.a"; sourceTree = BUILT_PRODUCTS_DIR; };
		3B0D027AB13F8856B8F4BA29 /* Pods-SmartTravel.debug.xcconfig */ = {isa = PBXFileReference; includeInIndex = 1; lastKnownFileType = text.xcconfig; name = "Pods-SmartTravel.debug.xcconfig"; path = "Pods/Target Support Files/Pods-SmartTravel/Pods-SmartTravel.debug.xcconfig"; sourceTree = "<group>"; };
		420096121AFEEE2600B43630 /* smartTravelTemplate.sqlite */ = {isa = PBXFileReference; lastKnownFileType = file; path = smartTravelTemplate.sqlite; sourceTree = "<group>"; };
		4200961A1AFEF05800B43630 /* TopIntersection.h */ = {isa = PBXFileReference; fileEncoding = 4; lastKnownFileType = sourcecode.c.h; name = TopIntersection.h; path = Model/TopLocation/TopIntersection.h; sourceTree = "<group>"; };
		4200961B1AFEF05800B43630 /* TopIntersection.m */ = {isa = PBXFileReference; fileEncoding = 4; lastKnownFileType = sourcecode.c.objc; name = TopIntersection.m; path = Model/TopLocation/TopIntersection.m; sourceTree = "<group>"; };
		4200961E1AFEF19200B43630 /* TopMidblock.h */ = {isa = PBXFileReference; fileEncoding = 4; lastKnownFileType = sourcecode.c.h; name = TopMidblock.h; path = Model/TopLocation/TopMidblock.h; sourceTree = "<group>"; };
		4200961F1AFEF19200B43630 /* TopMidblock.m */ = {isa = PBXFileReference; fileEncoding = 4; lastKnownFileType = sourcecode.c.objc; name = TopMidblock.m; path = Model/TopLocation/TopMidblock.m; sourceTree = "<group>"; };
		420096211AFEF25600B43630 /* TopPedestrian.h */ = {isa = PBXFileReference; fileEncoding = 4; lastKnownFileType = sourcecode.c.h; name = TopPedestrian.h; path = Model/TopLocation/TopPedestrian.h; sourceTree = "<group>"; };
		420096221AFEF25600B43630 /* TopPedestrian.m */ = {isa = PBXFileReference; fileEncoding = 4; lastKnownFileType = sourcecode.c.objc; name = TopPedestrian.m; path = Model/TopLocation/TopPedestrian.m; sourceTree = "<group>"; };
		420096241AFEF31C00B43630 /* TopCyclist.h */ = {isa = PBXFileReference; fileEncoding = 4; lastKnownFileType = sourcecode.c.h; name = TopCyclist.h; path = Model/TopLocation/TopCyclist.h; sourceTree = "<group>"; };
		420096251AFEF31C00B43630 /* TopCyclist.m */ = {isa = PBXFileReference; fileEncoding = 4; lastKnownFileType = sourcecode.c.objc; name = TopCyclist.m; path = Model/TopLocation/TopCyclist.m; sourceTree = "<group>"; };
		420096271AFEF37B00B43630 /* TopMotorcyclist.h */ = {isa = PBXFileReference; fileEncoding = 4; lastKnownFileType = sourcecode.c.h; name = TopMotorcyclist.h; path = Model/TopLocation/TopMotorcyclist.h; sourceTree = "<group>"; };
		420096281AFEF37B00B43630 /* TopMotorcyclist.m */ = {isa = PBXFileReference; fileEncoding = 4; lastKnownFileType = sourcecode.c.objc; name = TopMotorcyclist.m; path = Model/TopLocation/TopMotorcyclist.m; sourceTree = "<group>"; };
		4203DDB51B0879350002D67F /* DateUtility.h */ = {isa = PBXFileReference; fileEncoding = 4; lastKnownFileType = sourcecode.c.h; name = DateUtility.h; path = Model/Utility/DateUtility.h; sourceTree = "<group>"; };
		4203DDB61B0879350002D67F /* DateUtility.m */ = {isa = PBXFileReference; fileEncoding = 4; lastKnownFileType = sourcecode.c.objc; name = DateUtility.m; path = Model/Utility/DateUtility.m; sourceTree = "<group>"; };
		4203DDB71B0879350002D67F /* ModelUtility.h */ = {isa = PBXFileReference; fileEncoding = 4; lastKnownFileType = sourcecode.c.h; name = ModelUtility.h; path = Model/Utility/ModelUtility.h; sourceTree = "<group>"; };
		4203DDB81B0879350002D67F /* ModelUtility.m */ = {isa = PBXFileReference; fileEncoding = 4; lastKnownFileType = sourcecode.c.objc; name = ModelUtility.m; path = Model/Utility/ModelUtility.m; sourceTree = "<group>"; };
		4225F82B1B081A4100C5A73F /* DBDateAdapter.h */ = {isa = PBXFileReference; fileEncoding = 4; lastKnownFileType = sourcecode.c.h; name = DBDateAdapter.h; path = Model/DBAdapter/DBDateAdapter.h; sourceTree = "<group>"; };
		4225F82C1B081A4100C5A73F /* DBDateAdapter.m */ = {isa = PBXFileReference; fileEncoding = 4; lastKnownFileType = sourcecode.c.objc; name = DBDateAdapter.m; path = Model/DBAdapter/DBDateAdapter.m; sourceTree = "<group>"; };
		4225F82D1B081A4100C5A73F /* DBLocationAdapter.h */ = {isa = PBXFileReference; fileEncoding = 4; lastKnownFileType = sourcecode.c.h; name = DBLocationAdapter.h; path = Model/DBAdapter/DBLocationAdapter.h; sourceTree = "<group>"; };
		4225F82E1B081A4100C5A73F /* DBLocationAdapter.m */ = {isa = PBXFileReference; fileEncoding = 4; lastKnownFileType = sourcecode.c.objc; name = DBLocationAdapter.m; path = Model/DBAdapter/DBLocationAdapter.m; sourceTree = "<group>"; };
		4225F82F1B081A4100C5A73F /* DBLocationReasonAdapter.h */ = {isa = PBXFileReference; fileEncoding = 4; lastKnownFileType = sourcecode.c.h; name = DBLocationReasonAdapter.h; path = Model/DBAdapter/DBLocationReasonAdapter.h; sourceTree = "<group>"; };
		4225F8301B081A4100C5A73F /* DBLocationReasonAdapter.m */ = {isa = PBXFileReference; fileEncoding = 4; lastKnownFileType = sourcecode.c.objc; name = DBLocationReasonAdapter.m; path = Model/DBAdapter/DBLocationReasonAdapter.m; sourceTree = "<group>"; };
		4225F8311B081A4100C5A73F /* DBReasonAdapter.h */ = {isa = PBXFileReference; fileEncoding = 4; lastKnownFileType = sourcecode.c.h; name = DBReasonAdapter.h; path = Model/DBAdapter/DBReasonAdapter.h; sourceTree = "<group>"; };
		4225F8321B081A4100C5A73F /* DBReasonAdapter.m */ = {isa = PBXFileReference; fileEncoding = 4; lastKnownFileType = sourcecode.c.objc; name = DBReasonAdapter.m; path = Model/DBAdapter/DBReasonAdapter.m; sourceTree = "<group>"; };
		4225F83D1B0829C200C5A73F /* DBConstants.h */ = {isa = PBXFileReference; fileEncoding = 4; lastKnownFileType = sourcecode.c.h; name = DBConstants.h; path = Model/DBConstants.h; sourceTree = "<group>"; };
		4225F83E1B0829C200C5A73F /* DBConstants.m */ = {isa = PBXFileReference; fileEncoding = 4; lastKnownFileType = sourcecode.c.objc; name = DBConstants.m; path = Model/DBConstants.m; sourceTree = "<group>"; };
		4225F83F1B0829C200C5A73F /* JSONConstants.h */ = {isa = PBXFileReference; fileEncoding = 4; lastKnownFileType = sourcecode.c.h; name = JSONConstants.h; path = Model/JSONConstants.h; sourceTree = "<group>"; };
		4225F8401B0829C200C5A73F /* JSONConstants.m */ = {isa = PBXFileReference; fileEncoding = 4; lastKnownFileType = sourcecode.c.objc; name = JSONConstants.m; path = Model/JSONConstants.m; sourceTree = "<group>"; };
		4225F8461B082A3800C5A73F /* JSONManager.h */ = {isa = PBXFileReference; fileEncoding = 4; lastKnownFileType = sourcecode.c.h; name = JSONManager.h; path = Model/JSONManager.h; sourceTree = "<group>"; };
		4225F8471B082A3800C5A73F /* JSONManager.m */ = {isa = PBXFileReference; fileEncoding = 4; lastKnownFileType = sourcecode.c.objc; name = JSONManager.m; path = Model/JSONManager.m; sourceTree = "<group>"; };
		4229775A1B080ECD00A11E90 /* TBL_COLLISION_LOCATION.json */ = {isa = PBXFileReference; fileEncoding = 4; lastKnownFileType = text.json; name = TBL_COLLISION_LOCATION.json; path = Resource/TBL_COLLISION_LOCATION.json; sourceTree = "<group>"; };
		4229775B1B080ECD00A11E90 /* TBL_LOCATION_REASON.json */ = {isa = PBXFileReference; fileEncoding = 4; lastKnownFileType = text.json; name = TBL_LOCATION_REASON.json; path = Resource/TBL_LOCATION_REASON.json; sourceTree = "<group>"; };
		4229775C1B080ECD00A11E90 /* TBL_WM_DAYTYPE.json */ = {isa = PBXFileReference; fileEncoding = 4; lastKnownFileType = text.json; name = TBL_WM_DAYTYPE.json; path = Resource/TBL_WM_DAYTYPE.json; sourceTree = "<group>"; };
		4229775D1B080ECD00A11E90 /* TBL_WM_REASON_CONDITION.json */ = {isa = PBXFileReference; fileEncoding = 4; lastKnownFileType = text.json; name = TBL_WM_REASON_CONDITION.json; path = Resource/TBL_WM_REASON_CONDITION.json; sourceTree = "<group>"; };
		422977621B080EF000A11E90 /* JSONCollisionLocation.h */ = {isa = PBXFileReference; fileEncoding = 4; lastKnownFileType = sourcecode.c.h; name = JSONCollisionLocation.h; path = Model/JSON/JSONCollisionLocation.h; sourceTree = "<group>"; };
		422977631B080EF000A11E90 /* JSONCollisionLocation.m */ = {isa = PBXFileReference; fileEncoding = 4; lastKnownFileType = sourcecode.c.objc; name = JSONCollisionLocation.m; path = Model/JSON/JSONCollisionLocation.m; sourceTree = "<group>"; };
		422977641B080EF000A11E90 /* JSONLocationReason.h */ = {isa = PBXFileReference; fileEncoding = 4; lastKnownFileType = sourcecode.c.h; name = JSONLocationReason.h; path = Model/JSON/JSONLocationReason.h; sourceTree = "<group>"; };
		422977651B080EF000A11E90 /* JSONLocationReason.m */ = {isa = PBXFileReference; fileEncoding = 4; lastKnownFileType = sourcecode.c.objc; name = JSONLocationReason.m; path = Model/JSON/JSONLocationReason.m; sourceTree = "<group>"; };
		422977661B080EF000A11E90 /* JSONWMDayType.h */ = {isa = PBXFileReference; fileEncoding = 4; lastKnownFileType = sourcecode.c.h; name = JSONWMDayType.h; path = Model/JSON/JSONWMDayType.h; sourceTree = "<group>"; };
		422977671B080EF000A11E90 /* JSONWMDayType.m */ = {isa = PBXFileReference; fileEncoding = 4; lastKnownFileType = sourcecode.c.objc; name = JSONWMDayType.m; path = Model/JSON/JSONWMDayType.m; sourceTree = "<group>"; };
		422977681B080EF000A11E90 /* JSONWMReasonCondition.h */ = {isa = PBXFileReference; fileEncoding = 4; lastKnownFileType = sourcecode.c.h; name = JSONWMReasonCondition.h; path = Model/JSON/JSONWMReasonCondition.h; sourceTree = "<group>"; };
		422977691B080EF000A11E90 /* JSONWMReasonCondition.m */ = {isa = PBXFileReference; fileEncoding = 4; lastKnownFileType = sourcecode.c.objc; name = JSONWMReasonCondition.m; path = Model/JSON/JSONWMReasonCondition.m; sourceTree = "<group>"; };
		4229777E1B0810DB00A11E90 /* DBCollisionLocation.m */ = {isa = PBXFileReference; fileEncoding = 4; lastKnownFileType = sourcecode.c.objc; name = DBCollisionLocation.m; path = Model/DBSqlite/DBCollisionLocation.m; sourceTree = "<group>"; };
		4229777F1B0810DB00A11E90 /* DBLocationReason.m */ = {isa = PBXFileReference; fileEncoding = 4; lastKnownFileType = sourcecode.c.objc; name = DBLocationReason.m; path = Model/DBSqlite/DBLocationReason.m; sourceTree = "<group>"; };
		422977801B0810DB00A11E90 /* DBWMDayType.m */ = {isa = PBXFileReference; fileEncoding = 4; lastKnownFileType = sourcecode.c.objc; name = DBWMDayType.m; path = Model/DBSqlite/DBWMDayType.m; sourceTree = "<group>"; };
		422977811B0810DB00A11E90 /* DBWMReasonCondition.m */ = {isa = PBXFileReference; fileEncoding = 4; lastKnownFileType = sourcecode.c.objc; name = DBWMReasonCondition.m; path = Model/DBSqlite/DBWMReasonCondition.m; sourceTree = "<group>"; };
		422977861B08113100A11E90 /* DBCollisionLocation.h */ = {isa = PBXFileReference; fileEncoding = 4; lastKnownFileType = sourcecode.c.h; name = DBCollisionLocation.h; path = Model/DBSqlite/DBCollisionLocation.h; sourceTree = "<group>"; };
		422977871B08113100A11E90 /* DBLocationReason.h */ = {isa = PBXFileReference; fileEncoding = 4; lastKnownFileType = sourcecode.c.h; name = DBLocationReason.h; path = Model/DBSqlite/DBLocationReason.h; sourceTree = "<group>"; };
		422977881B08113100A11E90 /* DBWMDayType.h */ = {isa = PBXFileReference; fileEncoding = 4; lastKnownFileType = sourcecode.c.h; name = DBWMDayType.h; path = Model/DBSqlite/DBWMDayType.h; sourceTree = "<group>"; };
		422977891B08113100A11E90 /* DBWMReasonCondition.h */ = {isa = PBXFileReference; fileEncoding = 4; lastKnownFileType = sourcecode.c.h; name = DBWMReasonCondition.h; path = Model/DBSqlite/DBWMReasonCondition.h; sourceTree = "<group>"; };
		425754B61B088BA20046433F /* 20150517013203-58195-data.gpx */ = {isa = PBXFileReference; fileEncoding = 4; lastKnownFileType = text.xml; name = "20150517013203-58195-data.gpx"; path = "Test/GPX/20150517013203-58195-data.gpx"; sourceTree = "<group>"; };
		4290A0A81AF600AE00CB46E5 /* smartTravelDb.sqlite */ = {isa = PBXFileReference; lastKnownFileType = file; path = smartTravelDb.sqlite; sourceTree = "<group>"; };
		4290A0AA1AF6050100CB46E5 /* HotSpotTableViewCell.h */ = {isa = PBXFileReference; fileEncoding = 4; lastKnownFileType = sourcecode.c.h; path = HotSpotTableViewCell.h; sourceTree = "<group>"; };
		4290A0AB1AF6050100CB46E5 /* HotSpotTableViewCell.m */ = {isa = PBXFileReference; fileEncoding = 4; lastKnownFileType = sourcecode.c.objc; path = HotSpotTableViewCell.m; sourceTree = "<group>"; };
		4290A0AC1AF6050100CB46E5 /* HotSpotTableViewCell.xib */ = {isa = PBXFileReference; fileEncoding = 4; lastKnownFileType = file.xib; path = HotSpotTableViewCell.xib; sourceTree = "<group>"; };
		42C6A8A41B0A0CEC00EE1518 /* HotSpot.h */ = {isa = PBXFileReference; fileEncoding = 4; lastKnownFileType = sourcecode.c.h; name = HotSpot.h; path = Model/HotSpot.h; sourceTree = "<group>"; };
		42C6A8A51B0A0CEC00EE1518 /* HotSpot.m */ = {isa = PBXFileReference; fileEncoding = 4; lastKnownFileType = sourcecode.c.objc; name = HotSpot.m; path = Model/HotSpot.m; sourceTree = "<group>"; };
		42C6A8AC1B0A0FAC00EE1518 /* HotSpotDetailView.h */ = {isa = PBXFileReference; fileEncoding = 4; lastKnownFileType = sourcecode.c.h; name = HotSpotDetailView.h; path = View/HotSpotDetailView.h; sourceTree = "<group>"; };
		42C6A8AD1B0A0FAC00EE1518 /* HotSpotDetailView.m */ = {isa = PBXFileReference; fileEncoding = 4; lastKnownFileType = sourcecode.c.objc; name = HotSpotDetailView.m; path = View/HotSpotDetailView.m; sourceTree = "<group>"; };
		42C6A8AE1B0A0FAC00EE1518 /* HotSpotDetailView.xib */ = {isa = PBXFileReference; fileEncoding = 4; lastKnownFileType = file.xib; name = HotSpotDetailView.xib; path = View/HotSpotDetailView.xib; sourceTree = "<group>"; };
		42C6A8AF1B0A0FAC00EE1518 /* WarningView.h */ = {isa = PBXFileReference; fileEncoding = 4; lastKnownFileType = sourcecode.c.h; name = WarningView.h; path = View/WarningView.h; sourceTree = "<group>"; };
		42C6A8B01B0A0FAC00EE1518 /* WarningView.m */ = {isa = PBXFileReference; fileEncoding = 4; lastKnownFileType = sourcecode.c.objc; name = WarningView.m; path = View/WarningView.m; sourceTree = "<group>"; };
		42C6A8B11B0A0FAC00EE1518 /* WarningView.xib */ = {isa = PBXFileReference; fileEncoding = 4; lastKnownFileType = file.xib; name = WarningView.xib; path = View/WarningView.xib; sourceTree = "<group>"; };
		42C6A8C01B0A1B6300EE1518 /* HotSpotDetailViewBodyCell.h */ = {isa = PBXFileReference; fileEncoding = 4; lastKnownFileType = sourcecode.c.h; name = HotSpotDetailViewBodyCell.h; path = View/HotSpotDetailViewBodyCell.h; sourceTree = "<group>"; };
		42C6A8C11B0A1B6300EE1518 /* HotSpotDetailViewBodyCell.m */ = {isa = PBXFileReference; fileEncoding = 4; lastKnownFileType = sourcecode.c.objc; name = HotSpotDetailViewBodyCell.m; path = View/HotSpotDetailViewBodyCell.m; sourceTree = "<group>"; };
		42C6A8C21B0A1B6300EE1518 /* HotSpotDetailViewBodyCell.xib */ = {isa = PBXFileReference; fileEncoding = 4; lastKnownFileType = file.xib; name = HotSpotDetailViewBodyCell.xib; path = View/HotSpotDetailViewBodyCell.xib; sourceTree = "<group>"; };
		42C6A8C31B0A1B6300EE1518 /* HotSpotDetailViewHeaderCell.h */ = {isa = PBXFileReference; fileEncoding = 4; lastKnownFileType = sourcecode.c.h; name = HotSpotDetailViewHeaderCell.h; path = View/HotSpotDetailViewHeaderCell.h; sourceTree = "<group>"; };
		42C6A8C41B0A1B6300EE1518 /* HotSpotDetailViewHeaderCell.m */ = {isa = PBXFileReference; fileEncoding = 4; lastKnownFileType = sourcecode.c.objc; name = HotSpotDetailViewHeaderCell.m; path = View/HotSpotDetailViewHeaderCell.m; sourceTree = "<group>"; };
		42C6A8C51B0A1B6300EE1518 /* HotSpotDetailViewHeaderCell.xib */ = {isa = PBXFileReference; fileEncoding = 4; lastKnownFileType = file.xib; name = HotSpotDetailViewHeaderCell.xib; path = View/HotSpotDetailViewHeaderCell.xib; sourceTree = "<group>"; };
		5EEEC9CCD391050A8D1BA199 /* libPods-SmartTravelTests.a */ = {isa = PBXFileReference; explicitFileType = archive.ar; includeInIndex = 0; path = "libPods-SmartTravelTests.a"; sourceTree = BUILT_PRODUCTS_DIR; };
		6928DA7D73FEF35E1EBF313F /* Pods-SmartTravel.release.xcconfig */ = {isa = PBXFileReference; includeInIndex = 1; lastKnownFileType = text.xcconfig; name = "Pods-SmartTravel.release.xcconfig"; path = "Pods/Target Support Files/Pods-SmartTravel/Pods-SmartTravel.release.xcconfig"; sourceTree = "<group>"; };
		84F38DDA1B0FE86C00A0EB42 /* DBVersionAdapter.h */ = {isa = PBXFileReference; fileEncoding = 4; lastKnownFileType = sourcecode.c.h; name = DBVersionAdapter.h; path = Model/DBAdapter/DBVersionAdapter.h; sourceTree = "<group>"; };
		84F38DDB1B0FE86C00A0EB42 /* DBVersionAdapter.m */ = {isa = PBXFileReference; fileEncoding = 4; lastKnownFileType = sourcecode.c.objc; name = DBVersionAdapter.m; path = Model/DBAdapter/DBVersionAdapter.m; sourceTree = "<group>"; };
		8D390935FB46D35A2294BF7D /* Pods-SmartTravelTests.release.xcconfig */ = {isa = PBXFileReference; includeInIndex = 1; lastKnownFileType = text.xcconfig; name = "Pods-SmartTravelTests.release.xcconfig"; path = "Pods/Target Support Files/Pods-SmartTravelTests/Pods-SmartTravelTests.release.xcconfig"; sourceTree = "<group>"; };
		9B295C091ADFF0B200758837 /* Base */ = {isa = PBXFileReference; lastKnownFileType = file.storyboard; name = Base; path = Base.lproj/FirstLaunch.storyboard; sourceTree = "<group>"; };
		9B5EE8631AF3EEE600524F4A /* default.gpx */ = {isa = PBXFileReference; fileEncoding = 4; lastKnownFileType = text.xml; path = default.gpx; sourceTree = "<group>"; };
		9B5EE8671AF3F6B400524F4A /* CircleMarker.h */ = {isa = PBXFileReference; fileEncoding = 4; lastKnownFileType = sourcecode.c.h; name = CircleMarker.h; path = View/CircleMarker.h; sourceTree = "<group>"; };
		9B5EE8681AF3F6B400524F4A /* CircleMarker.m */ = {isa = PBXFileReference; fileEncoding = 4; lastKnownFileType = sourcecode.c.objc; name = CircleMarker.m; path = View/CircleMarker.m; sourceTree = "<group>"; };
		9B6A85AB1ADFDEFF00667170 /* SmartTravel.app */ = {isa = PBXFileReference; explicitFileType = wrapper.application; includeInIndex = 0; path = SmartTravel.app; sourceTree = BUILT_PRODUCTS_DIR; };
		9B6A85AF1ADFDEFF00667170 /* Info.plist */ = {isa = PBXFileReference; lastKnownFileType = text.plist.xml; path = Info.plist; sourceTree = "<group>"; };
		9B6A85B01ADFDEFF00667170 /* main.m */ = {isa = PBXFileReference; lastKnownFileType = sourcecode.c.objc; path = main.m; sourceTree = "<group>"; };
		9B6A85B21ADFDEFF00667170 /* AppDelegate.h */ = {isa = PBXFileReference; lastKnownFileType = sourcecode.c.h; path = AppDelegate.h; sourceTree = "<group>"; };
		9B6A85B31ADFDEFF00667170 /* AppDelegate.m */ = {isa = PBXFileReference; lastKnownFileType = sourcecode.c.objc; path = AppDelegate.m; sourceTree = "<group>"; };
		9B6A85B51ADFDEFF00667170 /* ViewController.h */ = {isa = PBXFileReference; lastKnownFileType = sourcecode.c.h; path = ViewController.h; sourceTree = "<group>"; };
		9B6A85B61ADFDEFF00667170 /* ViewController.m */ = {isa = PBXFileReference; lastKnownFileType = sourcecode.c.objc; path = ViewController.m; sourceTree = "<group>"; };
		9B6A85B91ADFDF0000667170 /* Base */ = {isa = PBXFileReference; lastKnownFileType = file.storyboard; name = Base; path = Base.lproj/Main.storyboard; sourceTree = "<group>"; };
		9B6A85BB1ADFDF0000667170 /* Images.xcassets */ = {isa = PBXFileReference; lastKnownFileType = folder.assetcatalog; path = Images.xcassets; sourceTree = "<group>"; };
		9B6A85BE1ADFDF0000667170 /* Base */ = {isa = PBXFileReference; lastKnownFileType = file.xib; name = Base; path = Base.lproj/LaunchScreen.xib; sourceTree = "<group>"; };
		9B6A85C41ADFDF0000667170 /* SmartTravelTests.xctest */ = {isa = PBXFileReference; explicitFileType = wrapper.cfbundle; includeInIndex = 0; path = SmartTravelTests.xctest; sourceTree = BUILT_PRODUCTS_DIR; };
		9B6A85C91ADFDF0000667170 /* Info.plist */ = {isa = PBXFileReference; lastKnownFileType = text.plist.xml; path = Info.plist; sourceTree = "<group>"; };
		9B6C7DA21AF4FFA300DF6FA9 /* testDb.sqlite */ = {isa = PBXFileReference; lastKnownFileType = file; path = testDb.sqlite; sourceTree = "<group>"; };
		9B6C7DA61AF500C500DF6FA9 /* DBManager.h */ = {isa = PBXFileReference; fileEncoding = 4; lastKnownFileType = sourcecode.c.h; name = DBManager.h; path = Model/DBManager.h; sourceTree = "<group>"; };
		9B6C7DA71AF500C500DF6FA9 /* DBManager.m */ = {isa = PBXFileReference; fileEncoding = 4; lastKnownFileType = sourcecode.c.objc; name = DBManager.m; path = Model/DBManager.m; sourceTree = "<group>"; };
		9B7E594F1AE37FD10008D25C /* TermUsage.h */ = {isa = PBXFileReference; fileEncoding = 4; lastKnownFileType = sourcecode.c.h; name = TermUsage.h; path = Model/TermUsage.h; sourceTree = "<group>"; };
		9B7E59501AE37FD10008D25C /* TermUsage.m */ = {isa = PBXFileReference; fileEncoding = 4; lastKnownFileType = sourcecode.c.objc; name = TermUsage.m; path = Model/TermUsage.m; sourceTree = "<group>"; };
		9B7E59521AE3882A0008D25C /* GuideViewController.h */ = {isa = PBXFileReference; fileEncoding = 4; lastKnownFileType = sourcecode.c.h; name = GuideViewController.h; path = Controller/GuideViewController.h; sourceTree = "<group>"; };
		9B7E59531AE3882A0008D25C /* GuideViewController.m */ = {isa = PBXFileReference; fileEncoding = 4; lastKnownFileType = sourcecode.c.objc; name = GuideViewController.m; path = Controller/GuideViewController.m; sourceTree = "<group>"; };
		9B7E595A1AE38F610008D25C /* MapKit.framework */ = {isa = PBXFileReference; lastKnownFileType = wrapper.framework; name = MapKit.framework; path = System/Library/Frameworks/MapKit.framework; sourceTree = SDKROOT; };
		9B7E595C1AE38F660008D25C /* CoreLocation.framework */ = {isa = PBXFileReference; lastKnownFileType = wrapper.framework; name = CoreLocation.framework; path = System/Library/Frameworks/CoreLocation.framework; sourceTree = SDKROOT; };
		9B7E595E1AE3966F0008D25C /* HomeViewController.h */ = {isa = PBXFileReference; fileEncoding = 4; lastKnownFileType = sourcecode.c.h; name = HomeViewController.h; path = Controller/HomeViewController.h; sourceTree = "<group>"; };
		9B7E595F1AE3966F0008D25C /* HomeViewController.m */ = {isa = PBXFileReference; fileEncoding = 4; lastKnownFileType = sourcecode.c.objc; name = HomeViewController.m; path = Controller/HomeViewController.m; sourceTree = "<group>"; };
		9B812DD71AEB3E9D008F17B6 /* HotSpotListViewController.h */ = {isa = PBXFileReference; fileEncoding = 4; lastKnownFileType = sourcecode.c.h; name = HotSpotListViewController.h; path = Controller/HotSpotListViewController.h; sourceTree = "<group>"; };
		9B812DD81AEB3E9D008F17B6 /* HotSpotListViewController.m */ = {isa = PBXFileReference; fileEncoding = 4; lastKnownFileType = sourcecode.c.objc; name = HotSpotListViewController.m; path = Controller/HotSpotListViewController.m; sourceTree = "<group>"; };
		9B812DDA1AEB3EB7008F17B6 /* SettingsViewController.h */ = {isa = PBXFileReference; fileEncoding = 4; lastKnownFileType = sourcecode.c.h; name = SettingsViewController.h; path = Controller/SettingsViewController.h; sourceTree = "<group>"; };
		9B812DDB1AEB3EB7008F17B6 /* SettingsViewController.m */ = {isa = PBXFileReference; fileEncoding = 4; lastKnownFileType = sourcecode.c.objc; name = SettingsViewController.m; path = Controller/SettingsViewController.m; sourceTree = "<group>"; };
		9BC3392E1AE296250046AAB5 /* termofusage.html */ = {isa = PBXFileReference; fileEncoding = 4; lastKnownFileType = text.html; path = termofusage.html; sourceTree = "<group>"; };
		9BCEBC771ADFF317003C9F05 /* TermOfUsageViewController.h */ = {isa = PBXFileReference; fileEncoding = 4; lastKnownFileType = sourcecode.c.h; name = TermOfUsageViewController.h; path = Controller/TermOfUsageViewController.h; sourceTree = "<group>"; };
		9BCEBC781ADFF317003C9F05 /* TermOfUsageViewController.m */ = {isa = PBXFileReference; fileEncoding = 4; lastKnownFileType = sourcecode.c.objc; name = TermOfUsageViewController.m; path = Controller/TermOfUsageViewController.m; sourceTree = "<group>"; };
		9BDBCA441AF8EEE600F23275 /* MarkerManager.h */ = {isa = PBXFileReference; fileEncoding = 4; lastKnownFileType = sourcecode.c.h; name = MarkerManager.h; path = ViewModel/MarkerManager.h; sourceTree = "<group>"; };
		9BDBCA451AF8EEE600F23275 /* MarkerManager.m */ = {isa = PBXFileReference; fileEncoding = 4; lastKnownFileType = sourcecode.c.objc; name = MarkerManager.m; path = ViewModel/MarkerManager.m; sourceTree = "<group>"; };
		9BF128181AFE537D008E72DA /* Direction.h */ = {isa = PBXFileReference; fileEncoding = 4; lastKnownFileType = sourcecode.c.h; name = Direction.h; path = Model/Direction.h; sourceTree = "<group>"; };
		9BF128191AFE537D008E72DA /* Direction.m */ = {isa = PBXFileReference; fileEncoding = 4; lastKnownFileType = sourcecode.c.objc; name = Direction.m; path = Model/Direction.m; sourceTree = "<group>"; };
/* End PBXFileReference section */

/* Begin PBXFrameworksBuildPhase section */
		9B6A85A81ADFDEFF00667170 /* Frameworks */ = {
			isa = PBXFrameworksBuildPhase;
			buildActionMask = 2147483647;
			files = (
				9B7E595D1AE38F660008D25C /* CoreLocation.framework in Frameworks */,
				9B7E595B1AE38F610008D25C /* MapKit.framework in Frameworks */,
				6613E4635B5E884F0B519EDB /* libPods-SmartTravel.a in Frameworks */,
			);
			runOnlyForDeploymentPostprocessing = 0;
		};
		9B6A85C11ADFDF0000667170 /* Frameworks */ = {
			isa = PBXFrameworksBuildPhase;
			buildActionMask = 2147483647;
			files = (
				1E2E79F51E63E734D1BFE0B5 /* libPods-SmartTravelTests.a in Frameworks */,
			);
			runOnlyForDeploymentPostprocessing = 0;
		};
/* End PBXFrameworksBuildPhase section */

/* Begin PBXGroup section */
		4200961D1AFEF17600B43630 /* TopLocation */ = {
			isa = PBXGroup;
			children = (
				420096271AFEF37B00B43630 /* TopMotorcyclist.h */,
				420096281AFEF37B00B43630 /* TopMotorcyclist.m */,
				420096241AFEF31C00B43630 /* TopCyclist.h */,
				420096251AFEF31C00B43630 /* TopCyclist.m */,
				420096211AFEF25600B43630 /* TopPedestrian.h */,
				420096221AFEF25600B43630 /* TopPedestrian.m */,
				4200961E1AFEF19200B43630 /* TopMidblock.h */,
				4200961F1AFEF19200B43630 /* TopMidblock.m */,
				4200961A1AFEF05800B43630 /* TopIntersection.h */,
				4200961B1AFEF05800B43630 /* TopIntersection.m */,
			);
			name = TopLocation;
			sourceTree = "<group>";
		};
		4203DDB41B0878860002D67F /* Utility */ = {
			isa = PBXGroup;
			children = (
				4203DDB51B0879350002D67F /* DateUtility.h */,
				4203DDB61B0879350002D67F /* DateUtility.m */,
				4203DDB71B0879350002D67F /* ModelUtility.h */,
				4203DDB81B0879350002D67F /* ModelUtility.m */,
			);
			name = Utility;
			sourceTree = "<group>";
		};
		4225F82A1B08198900C5A73F /* DBAdapter */ = {
			isa = PBXGroup;
			children = (
				84F38DDA1B0FE86C00A0EB42 /* DBVersionAdapter.h */,
				84F38DDB1B0FE86C00A0EB42 /* DBVersionAdapter.m */,
				4225F82B1B081A4100C5A73F /* DBDateAdapter.h */,
				4225F82C1B081A4100C5A73F /* DBDateAdapter.m */,
				4225F82D1B081A4100C5A73F /* DBLocationAdapter.h */,
				4225F82E1B081A4100C5A73F /* DBLocationAdapter.m */,
				4225F82F1B081A4100C5A73F /* DBLocationReasonAdapter.h */,
				4225F8301B081A4100C5A73F /* DBLocationReasonAdapter.m */,
				4225F8311B081A4100C5A73F /* DBReasonAdapter.h */,
				4225F8321B081A4100C5A73F /* DBReasonAdapter.m */,
			);
			name = DBAdapter;
			sourceTree = "<group>";
		};
		4229776E1B080F0500A11E90 /* DBSqlite */ = {
			isa = PBXGroup;
			children = (
				422977861B08113100A11E90 /* DBCollisionLocation.h */,
				4229777E1B0810DB00A11E90 /* DBCollisionLocation.m */,
				422977891B08113100A11E90 /* DBWMReasonCondition.h */,
				422977811B0810DB00A11E90 /* DBWMReasonCondition.m */,
				422977871B08113100A11E90 /* DBLocationReason.h */,
				4229777F1B0810DB00A11E90 /* DBLocationReason.m */,
				422977881B08113100A11E90 /* DBWMDayType.h */,
				422977801B0810DB00A11E90 /* DBWMDayType.m */,
			);
			name = DBSqlite;
			sourceTree = "<group>";
		};
		425754B81B088BA60046433F /* GPX */ = {
			isa = PBXGroup;
			children = (
				425754B61B088BA20046433F /* 20150517013203-58195-data.gpx */,
			);
			name = GPX;
			sourceTree = "<group>";
		};
		4261DD921B06329600521A17 /* JSON */ = {
			isa = PBXGroup;
			children = (
				422977621B080EF000A11E90 /* JSONCollisionLocation.h */,
				422977631B080EF000A11E90 /* JSONCollisionLocation.m */,
				422977641B080EF000A11E90 /* JSONLocationReason.h */,
				422977651B080EF000A11E90 /* JSONLocationReason.m */,
				422977661B080EF000A11E90 /* JSONWMDayType.h */,
				422977671B080EF000A11E90 /* JSONWMDayType.m */,
				422977681B080EF000A11E90 /* JSONWMReasonCondition.h */,
				422977691B080EF000A11E90 /* JSONWMReasonCondition.m */,
			);
			name = JSON;
			sourceTree = "<group>";
		};
		5144BF6598479F6C7B046745 /* Frameworks */ = {
			isa = PBXGroup;
			children = (
				9B7E595C1AE38F660008D25C /* CoreLocation.framework */,
				9B7E595A1AE38F610008D25C /* MapKit.framework */,
				1FC29DFEB55D05F2F0E0316D /* libPods-SmartTravel.a */,
				5EEEC9CCD391050A8D1BA199 /* libPods-SmartTravelTests.a */,
			);
			name = Frameworks;
			sourceTree = "<group>";
		};
		9B295C071ADFF03200758837 /* View */ = {
			isa = PBXGroup;
			children = (
				4290A0AA1AF6050100CB46E5 /* HotSpotTableViewCell.h */,
				4290A0AB1AF6050100CB46E5 /* HotSpotTableViewCell.m */,
				4290A0AC1AF6050100CB46E5 /* HotSpotTableViewCell.xib */,
				42C6A8C01B0A1B6300EE1518 /* HotSpotDetailViewBodyCell.h */,
				42C6A8C11B0A1B6300EE1518 /* HotSpotDetailViewBodyCell.m */,
				42C6A8C21B0A1B6300EE1518 /* HotSpotDetailViewBodyCell.xib */,
				42C6A8C31B0A1B6300EE1518 /* HotSpotDetailViewHeaderCell.h */,
				42C6A8C41B0A1B6300EE1518 /* HotSpotDetailViewHeaderCell.m */,
				42C6A8C51B0A1B6300EE1518 /* HotSpotDetailViewHeaderCell.xib */,
				42C6A8AC1B0A0FAC00EE1518 /* HotSpotDetailView.h */,
				42C6A8AD1B0A0FAC00EE1518 /* HotSpotDetailView.m */,
				42C6A8AE1B0A0FAC00EE1518 /* HotSpotDetailView.xib */,
				42C6A8AF1B0A0FAC00EE1518 /* WarningView.h */,
				42C6A8B01B0A0FAC00EE1518 /* WarningView.m */,
				42C6A8B11B0A0FAC00EE1518 /* WarningView.xib */,
				9B5EE8671AF3F6B400524F4A /* CircleMarker.h */,
				9B5EE8681AF3F6B400524F4A /* CircleMarker.m */,
			);
			name = View;
			sourceTree = "<group>";
		};
		9B295C0B1ADFF0BA00758837 /* Controller */ = {
			isa = PBXGroup;
			children = (
				9BCEBC771ADFF317003C9F05 /* TermOfUsageViewController.h */,
				9B812DD71AEB3E9D008F17B6 /* HotSpotListViewController.h */,
				9B812DD81AEB3E9D008F17B6 /* HotSpotListViewController.m */,
				9BCEBC781ADFF317003C9F05 /* TermOfUsageViewController.m */,
				9B7E59521AE3882A0008D25C /* GuideViewController.h */,
				9B7E59531AE3882A0008D25C /* GuideViewController.m */,
				9B7E595E1AE3966F0008D25C /* HomeViewController.h */,
				9B7E595F1AE3966F0008D25C /* HomeViewController.m */,
				9B812DDA1AEB3EB7008F17B6 /* SettingsViewController.h */,
				9B812DDB1AEB3EB7008F17B6 /* SettingsViewController.m */,
			);
			name = Controller;
			sourceTree = "<group>";
		};
		9B295C0C1ADFF0C500758837 /* Model */ = {
			isa = PBXGroup;
			children = (
				42C6A8A41B0A0CEC00EE1518 /* HotSpot.h */,
				42C6A8A51B0A0CEC00EE1518 /* HotSpot.m */,
				4225F8461B082A3800C5A73F /* JSONManager.h */,
				4225F8471B082A3800C5A73F /* JSONManager.m */,
				4225F83D1B0829C200C5A73F /* DBConstants.h */,
				4225F83E1B0829C200C5A73F /* DBConstants.m */,
				4225F83F1B0829C200C5A73F /* JSONConstants.h */,
				4225F8401B0829C200C5A73F /* JSONConstants.m */,
				9B6C7DA61AF500C500DF6FA9 /* DBManager.h */,
				9B6C7DA71AF500C500DF6FA9 /* DBManager.m */,
				4225F82A1B08198900C5A73F /* DBAdapter */,
				4229776E1B080F0500A11E90 /* DBSqlite */,
				4261DD921B06329600521A17 /* JSON */,
				4203DDB41B0878860002D67F /* Utility */,
				4200961D1AFEF17600B43630 /* TopLocation */,
				9B7E594F1AE37FD10008D25C /* TermUsage.h */,
				9B7E59501AE37FD10008D25C /* TermUsage.m */,
				9BF128181AFE537D008E72DA /* Direction.h */,
				9BF128191AFE537D008E72DA /* Direction.m */,
			);
			name = Model;
			sourceTree = "<group>";
		};
		9B5EE8661AF3F65E00524F4A /* StoryBoard */ = {
			isa = PBXGroup;
			children = (
				9B6A85B81ADFDF0000667170 /* Main.storyboard */,
				9B295C081ADFF0B200758837 /* FirstLaunch.storyboard */,
			);
			name = StoryBoard;
			sourceTree = "<group>";
		};
		9B6A85A21ADFDEFF00667170 = {
			isa = PBXGroup;
			children = (
				9B6A85AD1ADFDEFF00667170 /* SmartTravel */,
				9B6A85C71ADFDF0000667170 /* SmartTravelTests */,
				9B6A85AC1ADFDEFF00667170 /* Products */,
				EBBE7086B285E4C69B80CD01 /* Pods */,
				5144BF6598479F6C7B046745 /* Frameworks */,
			);
			sourceTree = "<group>";
		};
		9B6A85AC1ADFDEFF00667170 /* Products */ = {
			isa = PBXGroup;
			children = (
				9B6A85AB1ADFDEFF00667170 /* SmartTravel.app */,
				9B6A85C41ADFDF0000667170 /* SmartTravelTests.xctest */,
			);
			name = Products;
			sourceTree = "<group>";
		};
		9B6A85AD1ADFDEFF00667170 /* SmartTravel */ = {
			isa = PBXGroup;
			children = (
				9BDBCA431AF8EE8F00F23275 /* ViewModel */,
				9B5EE8661AF3F65E00524F4A /* StoryBoard */,
				9B295C0C1ADFF0C500758837 /* Model */,
				9B295C071ADFF03200758837 /* View */,
				9B295C0B1ADFF0BA00758837 /* Controller */,
				9B6A85B21ADFDEFF00667170 /* AppDelegate.h */,
				9B6A85B31ADFDEFF00667170 /* AppDelegate.m */,
				9B6A85B51ADFDEFF00667170 /* ViewController.h */,
				9B6A85B61ADFDEFF00667170 /* ViewController.m */,
				9B6A85BB1ADFDF0000667170 /* Images.xcassets */,
				9B6A85BD1ADFDF0000667170 /* LaunchScreen.xib */,
				9B6A85AE1ADFDEFF00667170 /* Supporting Files */,
			);
			path = SmartTravel;
			sourceTree = "<group>";
		};
		9B6A85AE1ADFDEFF00667170 /* Supporting Files */ = {
			isa = PBXGroup;
			children = (
				425754B81B088BA60046433F /* GPX */,
				4229775A1B080ECD00A11E90 /* TBL_COLLISION_LOCATION.json */,
				4229775B1B080ECD00A11E90 /* TBL_LOCATION_REASON.json */,
				4229775C1B080ECD00A11E90 /* TBL_WM_DAYTYPE.json */,
				4229775D1B080ECD00A11E90 /* TBL_WM_REASON_CONDITION.json */,
				420096121AFEEE2600B43630 /* smartTravelTemplate.sqlite */,
				4290A0A81AF600AE00CB46E5 /* smartTravelDb.sqlite */,
				9B5EE8631AF3EEE600524F4A /* default.gpx */,
				9B6A85AF1ADFDEFF00667170 /* Info.plist */,
				9B6A85B01ADFDEFF00667170 /* main.m */,
				9BC3392E1AE296250046AAB5 /* termofusage.html */,
			);
			name = "Supporting Files";
			sourceTree = "<group>";
		};
		9B6A85C71ADFDF0000667170 /* SmartTravelTests */ = {
			isa = PBXGroup;
			children = (
				9B6A85C81ADFDF0000667170 /* Supporting Files */,
			);
			path = SmartTravelTests;
			sourceTree = "<group>";
		};
		9B6A85C81ADFDF0000667170 /* Supporting Files */ = {
			isa = PBXGroup;
			children = (
				9B6C7DA21AF4FFA300DF6FA9 /* testDb.sqlite */,
				9B6A85C91ADFDF0000667170 /* Info.plist */,
			);
			name = "Supporting Files";
			sourceTree = "<group>";
		};
		9BDBCA431AF8EE8F00F23275 /* ViewModel */ = {
			isa = PBXGroup;
			children = (
				9BDBCA441AF8EEE600F23275 /* MarkerManager.h */,
				9BDBCA451AF8EEE600F23275 /* MarkerManager.m */,
			);
			name = ViewModel;
			sourceTree = "<group>";
		};
		EBBE7086B285E4C69B80CD01 /* Pods */ = {
			isa = PBXGroup;
			children = (
				3B0D027AB13F8856B8F4BA29 /* Pods-SmartTravel.debug.xcconfig */,
				6928DA7D73FEF35E1EBF313F /* Pods-SmartTravel.release.xcconfig */,
				171AC3DFEC430AD99FCFEE1E /* Pods-SmartTravelTests.debug.xcconfig */,
				8D390935FB46D35A2294BF7D /* Pods-SmartTravelTests.release.xcconfig */,
			);
			name = Pods;
			sourceTree = "<group>";
		};
/* End PBXGroup section */

/* Begin PBXNativeTarget section */
		9B6A85AA1ADFDEFF00667170 /* SmartTravel */ = {
			isa = PBXNativeTarget;
			buildConfigurationList = 9B6A85CE1ADFDF0000667170 /* Build configuration list for PBXNativeTarget "SmartTravel" */;
			buildPhases = (
				F438F13402278AB20B8E4A53 /* Check Pods Manifest.lock */,
				9B6A85A71ADFDEFF00667170 /* Sources */,
				9B6A85A81ADFDEFF00667170 /* Frameworks */,
				9B6A85A91ADFDEFF00667170 /* Resources */,
				145FA6AE1F1CD9AF0D7293DF /* Copy Pods Resources */,
			);
			buildRules = (
			);
			dependencies = (
			);
			name = SmartTravel;
			productName = SmartTravel;
			productReference = 9B6A85AB1ADFDEFF00667170 /* SmartTravel.app */;
			productType = "com.apple.product-type.application";
		};
		9B6A85C31ADFDF0000667170 /* SmartTravelTests */ = {
			isa = PBXNativeTarget;
			buildConfigurationList = 9B6A85D11ADFDF0000667170 /* Build configuration list for PBXNativeTarget "SmartTravelTests" */;
			buildPhases = (
				2E66B30782904D38A1CE32E8 /* Check Pods Manifest.lock */,
				9B6A85C01ADFDF0000667170 /* Sources */,
				9B6A85C11ADFDF0000667170 /* Frameworks */,
				9B6A85C21ADFDF0000667170 /* Resources */,
				FDEB9675A778653F5CD99EAF /* Copy Pods Resources */,
			);
			buildRules = (
			);
			dependencies = (
				9B6A85C61ADFDF0000667170 /* PBXTargetDependency */,
			);
			name = SmartTravelTests;
			productName = SmartTravelTests;
			productReference = 9B6A85C41ADFDF0000667170 /* SmartTravelTests.xctest */;
			productType = "com.apple.product-type.bundle.unit-test";
		};
/* End PBXNativeTarget section */

/* Begin PBXProject section */
		9B6A85A31ADFDEFF00667170 /* Project object */ = {
			isa = PBXProject;
			attributes = {
				LastUpgradeCheck = 0620;
				ORGANIZATIONNAME = Gongwei;
				TargetAttributes = {
					9B6A85AA1ADFDEFF00667170 = {
						CreatedOnToolsVersion = 6.2;
						DevelopmentTeam = K37Z8FC634;
					};
					9B6A85C31ADFDF0000667170 = {
						CreatedOnToolsVersion = 6.2;
						TestTargetID = 9B6A85AA1ADFDEFF00667170;
					};
				};
			};
			buildConfigurationList = 9B6A85A61ADFDEFF00667170 /* Build configuration list for PBXProject "SmartTravel" */;
			compatibilityVersion = "Xcode 3.2";
			developmentRegion = English;
			hasScannedForEncodings = 0;
			knownRegions = (
				en,
				Base,
			);
			mainGroup = 9B6A85A21ADFDEFF00667170;
			productRefGroup = 9B6A85AC1ADFDEFF00667170 /* Products */;
			projectDirPath = "";
			projectRoot = "";
			targets = (
				9B6A85AA1ADFDEFF00667170 /* SmartTravel */,
				9B6A85C31ADFDF0000667170 /* SmartTravelTests */,
			);
		};
/* End PBXProject section */

/* Begin PBXResourcesBuildPhase section */
		9B6A85A91ADFDEFF00667170 /* Resources */ = {
			isa = PBXResourcesBuildPhase;
			buildActionMask = 2147483647;
			files = (
				4229775E1B080ECD00A11E90 /* TBL_COLLISION_LOCATION.json in Resources */,
				42C6A8B51B0A0FAC00EE1518 /* WarningView.xib in Resources */,
				420096141AFEEE2600B43630 /* smartTravelTemplate.sqlite in Resources */,
				9BC3392F1AE296250046AAB5 /* termofusage.html in Resources */,
				42C6A8C91B0A1B6300EE1518 /* HotSpotDetailViewHeaderCell.xib in Resources */,
				4290A0AE1AF6050100CB46E5 /* HotSpotTableViewCell.xib in Resources */,
				9B295C0A1ADFF0B200758837 /* FirstLaunch.storyboard in Resources */,
				42C6A8B31B0A0FAC00EE1518 /* HotSpotDetailView.xib in Resources */,
				4229775F1B080ECD00A11E90 /* TBL_LOCATION_REASON.json in Resources */,
				4290A0A91AF600AE00CB46E5 /* smartTravelDb.sqlite in Resources */,
				425754B71B088BA20046433F /* 20150517013203-58195-data.gpx in Resources */,
				422977611B080ECD00A11E90 /* TBL_WM_REASON_CONDITION.json in Resources */,
				42C6A8C71B0A1B6300EE1518 /* HotSpotDetailViewBodyCell.xib in Resources */,
				9B6A85BA1ADFDF0000667170 /* Main.storyboard in Resources */,
				9B6A85BF1ADFDF0000667170 /* LaunchScreen.xib in Resources */,
				9B6A85BC1ADFDF0000667170 /* Images.xcassets in Resources */,
				9B5EE8641AF3EEE600524F4A /* default.gpx in Resources */,
				422977601B080ECD00A11E90 /* TBL_WM_DAYTYPE.json in Resources */,
			);
			runOnlyForDeploymentPostprocessing = 0;
		};
		9B6A85C21ADFDF0000667170 /* Resources */ = {
			isa = PBXResourcesBuildPhase;
			buildActionMask = 2147483647;
			files = (
				9B6C7DA31AF4FFA300DF6FA9 /* testDb.sqlite in Resources */,
			);
			runOnlyForDeploymentPostprocessing = 0;
		};
/* End PBXResourcesBuildPhase section */

/* Begin PBXShellScriptBuildPhase section */
		145FA6AE1F1CD9AF0D7293DF /* Copy Pods Resources */ = {
			isa = PBXShellScriptBuildPhase;
			buildActionMask = 2147483647;
			files = (
			);
			inputPaths = (
			);
			name = "Copy Pods Resources";
			outputPaths = (
			);
			runOnlyForDeploymentPostprocessing = 0;
			shellPath = /bin/sh;
			shellScript = "\"${SRCROOT}/Pods/Target Support Files/Pods-SmartTravel/Pods-SmartTravel-resources.sh\"\n";
			showEnvVarsInLog = 0;
		};
		2E66B30782904D38A1CE32E8 /* Check Pods Manifest.lock */ = {
			isa = PBXShellScriptBuildPhase;
			buildActionMask = 2147483647;
			files = (
			);
			inputPaths = (
			);
			name = "Check Pods Manifest.lock";
			outputPaths = (
			);
			runOnlyForDeploymentPostprocessing = 0;
			shellPath = /bin/sh;
			shellScript = "diff \"${PODS_ROOT}/../Podfile.lock\" \"${PODS_ROOT}/Manifest.lock\" > /dev/null\nif [[ $? != 0 ]] ; then\n    cat << EOM\nerror: The sandbox is not in sync with the Podfile.lock. Run 'pod install' or update your CocoaPods installation.\nEOM\n    exit 1\nfi\n";
			showEnvVarsInLog = 0;
		};
		F438F13402278AB20B8E4A53 /* Check Pods Manifest.lock */ = {
			isa = PBXShellScriptBuildPhase;
			buildActionMask = 2147483647;
			files = (
			);
			inputPaths = (
			);
			name = "Check Pods Manifest.lock";
			outputPaths = (
			);
			runOnlyForDeploymentPostprocessing = 0;
			shellPath = /bin/sh;
			shellScript = "diff \"${PODS_ROOT}/../Podfile.lock\" \"${PODS_ROOT}/Manifest.lock\" > /dev/null\nif [[ $? != 0 ]] ; then\n    cat << EOM\nerror: The sandbox is not in sync with the Podfile.lock. Run 'pod install' or update your CocoaPods installation.\nEOM\n    exit 1\nfi\n";
			showEnvVarsInLog = 0;
		};
		FDEB9675A778653F5CD99EAF /* Copy Pods Resources */ = {
			isa = PBXShellScriptBuildPhase;
			buildActionMask = 2147483647;
			files = (
			);
			inputPaths = (
			);
			name = "Copy Pods Resources";
			outputPaths = (
			);
			runOnlyForDeploymentPostprocessing = 0;
			shellPath = /bin/sh;
			shellScript = "\"${SRCROOT}/Pods/Target Support Files/Pods-SmartTravelTests/Pods-SmartTravelTests-resources.sh\"\n";
			showEnvVarsInLog = 0;
		};
/* End PBXShellScriptBuildPhase section */

/* Begin PBXSourcesBuildPhase section */
		9B6A85A71ADFDEFF00667170 /* Sources */ = {
			isa = PBXSourcesBuildPhase;
			buildActionMask = 2147483647;
			files = (
				4225F8351B081A4100C5A73F /* DBLocationReasonAdapter.m in Sources */,
				422977831B0810DB00A11E90 /* DBLocationReason.m in Sources */,
				42C6A8B41B0A0FAC00EE1518 /* WarningView.m in Sources */,
				4225F8341B081A4100C5A73F /* DBLocationAdapter.m in Sources */,
				9B6A85B71ADFDEFF00667170 /* ViewController.m in Sources */,
				4225F8361B081A4100C5A73F /* DBReasonAdapter.m in Sources */,
				42C6A8A61B0A0CEC00EE1518 /* HotSpot.m in Sources */,
				4225F8431B0829C200C5A73F /* DBConstants.m in Sources */,
				9B6A85B41ADFDEFF00667170 /* AppDelegate.m in Sources */,
				4290A0AD1AF6050100CB46E5 /* HotSpotTableViewCell.m in Sources */,
				4203DDB91B0879350002D67F /* DateUtility.m in Sources */,
				4225F8331B081A4100C5A73F /* DBDateAdapter.m in Sources */,
				4225F8481B082A3800C5A73F /* JSONManager.m in Sources */,
				420096201AFEF19200B43630 /* TopMidblock.m in Sources */,
				422977851B0810DB00A11E90 /* DBWMReasonCondition.m in Sources */,
				42C6A8C81B0A1B6300EE1518 /* HotSpotDetailViewHeaderCell.m in Sources */,
				4225F8441B0829C200C5A73F /* JSONConstants.m in Sources */,
				420096291AFEF37B00B43630 /* TopMotorcyclist.m in Sources */,
				4229776C1B080EF000A11E90 /* JSONWMDayType.m in Sources */,
				422977841B0810DB00A11E90 /* DBWMDayType.m in Sources */,
				42C6A8C61B0A1B6300EE1518 /* HotSpotDetailViewBodyCell.m in Sources */,
				9B6C7DA81AF500C500DF6FA9 /* DBManager.m in Sources */,
				9B812DD91AEB3E9D008F17B6 /* HotSpotListViewController.m in Sources */,
				9B812DDC1AEB3EB7008F17B6 /* SettingsViewController.m in Sources */,
				9B6A85B11ADFDEFF00667170 /* main.m in Sources */,
				9BCEBC791ADFF317003C9F05 /* TermOfUsageViewController.m in Sources */,
				9BF1281A1AFE537D008E72DA /* Direction.m in Sources */,
				9B7E59511AE37FD10008D25C /* TermUsage.m in Sources */,
				9B5EE8691AF3F6B400524F4A /* CircleMarker.m in Sources */,
				9B7E59601AE3966F0008D25C /* HomeViewController.m in Sources */,
				4200961C1AFEF05800B43630 /* TopIntersection.m in Sources */,
				4229776A1B080EF000A11E90 /* JSONCollisionLocation.m in Sources */,
				42C6A8B21B0A0FAC00EE1518 /* HotSpotDetailView.m in Sources */,
				420096231AFEF25600B43630 /* TopPedestrian.m in Sources */,
				420096261AFEF31C00B43630 /* TopCyclist.m in Sources */,
				9B7E59551AE3882A0008D25C /* GuideViewController.m in Sources */,
				4203DDBA1B0879350002D67F /* ModelUtility.m in Sources */,
				4229776B1B080EF000A11E90 /* JSONLocationReason.m in Sources */,
				9BDBCA461AF8EEE600F23275 /* MarkerManager.m in Sources */,
				4229776D1B080EF000A11E90 /* JSONWMReasonCondition.m in Sources */,
				84F38DDC1B0FE86C00A0EB42 /* DBVersionAdapter.m in Sources */,
				422977821B0810DB00A11E90 /* DBCollisionLocation.m in Sources */,
			);
			runOnlyForDeploymentPostprocessing = 0;
		};
		9B6A85C01ADFDF0000667170 /* Sources */ = {
			isa = PBXSourcesBuildPhase;
			buildActionMask = 2147483647;
			files = (
			);
			runOnlyForDeploymentPostprocessing = 0;
		};
/* End PBXSourcesBuildPhase section */

/* Begin PBXTargetDependency section */
		9B6A85C61ADFDF0000667170 /* PBXTargetDependency */ = {
			isa = PBXTargetDependency;
			target = 9B6A85AA1ADFDEFF00667170 /* SmartTravel */;
			targetProxy = 9B6A85C51ADFDF0000667170 /* PBXContainerItemProxy */;
		};
/* End PBXTargetDependency section */

/* Begin PBXVariantGroup section */
		9B295C081ADFF0B200758837 /* FirstLaunch.storyboard */ = {
			isa = PBXVariantGroup;
			children = (
				9B295C091ADFF0B200758837 /* Base */,
			);
			name = FirstLaunch.storyboard;
			sourceTree = "<group>";
		};
		9B6A85B81ADFDF0000667170 /* Main.storyboard */ = {
			isa = PBXVariantGroup;
			children = (
				9B6A85B91ADFDF0000667170 /* Base */,
			);
			name = Main.storyboard;
			sourceTree = "<group>";
		};
		9B6A85BD1ADFDF0000667170 /* LaunchScreen.xib */ = {
			isa = PBXVariantGroup;
			children = (
				9B6A85BE1ADFDF0000667170 /* Base */,
			);
			name = LaunchScreen.xib;
			sourceTree = "<group>";
		};
/* End PBXVariantGroup section */

/* Begin XCBuildConfiguration section */
		9B6A85CC1ADFDF0000667170 /* Debug */ = {
			isa = XCBuildConfiguration;
			buildSettings = {
				ALWAYS_SEARCH_USER_PATHS = NO;
				CLANG_CXX_LANGUAGE_STANDARD = "gnu++0x";
				CLANG_CXX_LIBRARY = "libc++";
				CLANG_ENABLE_MODULES = YES;
				CLANG_ENABLE_OBJC_ARC = YES;
				CLANG_WARN_BOOL_CONVERSION = YES;
				CLANG_WARN_CONSTANT_CONVERSION = YES;
				CLANG_WARN_DIRECT_OBJC_ISA_USAGE = YES_ERROR;
				CLANG_WARN_EMPTY_BODY = YES;
				CLANG_WARN_ENUM_CONVERSION = YES;
				CLANG_WARN_INT_CONVERSION = YES;
				CLANG_WARN_OBJC_ROOT_CLASS = YES_ERROR;
				CLANG_WARN_UNREACHABLE_CODE = YES;
				CLANG_WARN__DUPLICATE_METHOD_MATCH = YES;
				"CODE_SIGN_IDENTITY[sdk=iphoneos*]" = "iPhone Developer";
				COPY_PHASE_STRIP = NO;
				ENABLE_STRICT_OBJC_MSGSEND = YES;
				GCC_C_LANGUAGE_STANDARD = gnu99;
				GCC_DYNAMIC_NO_PIC = NO;
				GCC_OPTIMIZATION_LEVEL = 0;
				GCC_PREPROCESSOR_DEFINITIONS = (
					"DEBUG=1",
					"$(inherited)",
				);
				GCC_SYMBOLS_PRIVATE_EXTERN = NO;
				GCC_WARN_64_TO_32_BIT_CONVERSION = YES;
				GCC_WARN_ABOUT_RETURN_TYPE = YES_ERROR;
				GCC_WARN_UNDECLARED_SELECTOR = YES;
				GCC_WARN_UNINITIALIZED_AUTOS = YES_AGGRESSIVE;
				GCC_WARN_UNUSED_FUNCTION = YES;
				GCC_WARN_UNUSED_VARIABLE = YES;
				IPHONEOS_DEPLOYMENT_TARGET = 8.2;
				MTL_ENABLE_DEBUG_INFO = YES;
				ONLY_ACTIVE_ARCH = YES;
				PROVISIONING_PROFILE = "";
				SDKROOT = iphoneos;
			};
			name = Debug;
		};
		9B6A85CD1ADFDF0000667170 /* Release */ = {
			isa = XCBuildConfiguration;
			buildSettings = {
				ALWAYS_SEARCH_USER_PATHS = NO;
				CLANG_CXX_LANGUAGE_STANDARD = "gnu++0x";
				CLANG_CXX_LIBRARY = "libc++";
				CLANG_ENABLE_MODULES = YES;
				CLANG_ENABLE_OBJC_ARC = YES;
				CLANG_WARN_BOOL_CONVERSION = YES;
				CLANG_WARN_CONSTANT_CONVERSION = YES;
				CLANG_WARN_DIRECT_OBJC_ISA_USAGE = YES_ERROR;
				CLANG_WARN_EMPTY_BODY = YES;
				CLANG_WARN_ENUM_CONVERSION = YES;
				CLANG_WARN_INT_CONVERSION = YES;
				CLANG_WARN_OBJC_ROOT_CLASS = YES_ERROR;
				CLANG_WARN_UNREACHABLE_CODE = YES;
				CLANG_WARN__DUPLICATE_METHOD_MATCH = YES;
				CODE_SIGN_IDENTITY = "iPhone Developer";
				"CODE_SIGN_IDENTITY[sdk=iphoneos*]" = "";
				COPY_PHASE_STRIP = NO;
				ENABLE_NS_ASSERTIONS = NO;
				ENABLE_STRICT_OBJC_MSGSEND = YES;
				GCC_C_LANGUAGE_STANDARD = gnu99;
				GCC_WARN_64_TO_32_BIT_CONVERSION = YES;
				GCC_WARN_ABOUT_RETURN_TYPE = YES_ERROR;
				GCC_WARN_UNDECLARED_SELECTOR = YES;
				GCC_WARN_UNINITIALIZED_AUTOS = YES_AGGRESSIVE;
				GCC_WARN_UNUSED_FUNCTION = YES;
				GCC_WARN_UNUSED_VARIABLE = YES;
				IPHONEOS_DEPLOYMENT_TARGET = 8.2;
				MTL_ENABLE_DEBUG_INFO = NO;
				PROVISIONING_PROFILE = "";
				SDKROOT = iphoneos;
				VALIDATE_PRODUCT = YES;
			};
			name = Release;
		};
		9B6A85CF1ADFDF0000667170 /* Debug */ = {
			isa = XCBuildConfiguration;
			baseConfigurationReference = 3B0D027AB13F8856B8F4BA29 /* Pods-SmartTravel.debug.xcconfig */;
			buildSettings = {
				ASSETCATALOG_COMPILER_APPICON_NAME = AppIcon;
				ASSETCATALOG_COMPILER_LAUNCHIMAGE_NAME = LaunchImage;
				CODE_SIGN_IDENTITY = "iPhone Developer";
				INFOPLIST_FILE = SmartTravel/Info.plist;
				IPHONEOS_DEPLOYMENT_TARGET = 7.0;
				LD_RUNPATH_SEARCH_PATHS = "$(inherited) @executable_path/Frameworks";
				PRODUCT_NAME = "$(TARGET_NAME)";
			};
			name = Debug;
		};
		9B6A85D01ADFDF0000667170 /* Release */ = {
			isa = XCBuildConfiguration;
			baseConfigurationReference = 6928DA7D73FEF35E1EBF313F /* Pods-SmartTravel.release.xcconfig */;
			buildSettings = {
				ASSETCATALOG_COMPILER_APPICON_NAME = AppIcon;
				ASSETCATALOG_COMPILER_LAUNCHIMAGE_NAME = LaunchImage;
				CODE_SIGN_IDENTITY = "iPhone Developer";
				INFOPLIST_FILE = SmartTravel/Info.plist;
				IPHONEOS_DEPLOYMENT_TARGET = 7.0;
				LD_RUNPATH_SEARCH_PATHS = "$(inherited) @executable_path/Frameworks";
				PRODUCT_NAME = "$(TARGET_NAME)";
			};
			name = Release;
		};
		9B6A85D21ADFDF0000667170 /* Debug */ = {
			isa = XCBuildConfiguration;
			baseConfigurationReference = 171AC3DFEC430AD99FCFEE1E /* Pods-SmartTravelTests.debug.xcconfig */;
			buildSettings = {
				BUNDLE_LOADER = "$(TEST_HOST)";
				FRAMEWORK_SEARCH_PATHS = (
					"$(SDKROOT)/Developer/Library/Frameworks",
					"$(inherited)",
				);
				GCC_PREPROCESSOR_DEFINITIONS = (
					"DEBUG=1",
					"$(inherited)",
				);
				INFOPLIST_FILE = SmartTravelTests/Info.plist;
				LD_RUNPATH_SEARCH_PATHS = "$(inherited) @executable_path/Frameworks @loader_path/Frameworks";
				PRODUCT_NAME = "$(TARGET_NAME)";
				TEST_HOST = "$(BUILT_PRODUCTS_DIR)/SmartTravel.app/SmartTravel";
			};
			name = Debug;
		};
		9B6A85D31ADFDF0000667170 /* Release */ = {
			isa = XCBuildConfiguration;
			baseConfigurationReference = 8D390935FB46D35A2294BF7D /* Pods-SmartTravelTests.release.xcconfig */;
			buildSettings = {
				BUNDLE_LOADER = "$(TEST_HOST)";
				FRAMEWORK_SEARCH_PATHS = (
					"$(SDKROOT)/Developer/Library/Frameworks",
					"$(inherited)",
				);
				INFOPLIST_FILE = SmartTravelTests/Info.plist;
				LD_RUNPATH_SEARCH_PATHS = "$(inherited) @executable_path/Frameworks @loader_path/Frameworks";
				PRODUCT_NAME = "$(TARGET_NAME)";
				TEST_HOST = "$(BUILT_PRODUCTS_DIR)/SmartTravel.app/SmartTravel";
			};
			name = Release;
		};
/* End XCBuildConfiguration section */

/* Begin XCConfigurationList section */
		9B6A85A61ADFDEFF00667170 /* Build configuration list for PBXProject "SmartTravel" */ = {
			isa = XCConfigurationList;
			buildConfigurations = (
				9B6A85CC1ADFDF0000667170 /* Debug */,
				9B6A85CD1ADFDF0000667170 /* Release */,
			);
			defaultConfigurationIsVisible = 0;
			defaultConfigurationName = Release;
		};
		9B6A85CE1ADFDF0000667170 /* Build configuration list for PBXNativeTarget "SmartTravel" */ = {
			isa = XCConfigurationList;
			buildConfigurations = (
				9B6A85CF1ADFDF0000667170 /* Debug */,
				9B6A85D01ADFDF0000667170 /* Release */,
			);
			defaultConfigurationIsVisible = 0;
			defaultConfigurationName = Release;
		};
		9B6A85D11ADFDF0000667170 /* Build configuration list for PBXNativeTarget "SmartTravelTests" */ = {
			isa = XCConfigurationList;
			buildConfigurations = (
				9B6A85D21ADFDF0000667170 /* Debug */,
				9B6A85D31ADFDF0000667170 /* Release */,
			);
			defaultConfigurationIsVisible = 0;
			defaultConfigurationName = Release;
		};
/* End XCConfigurationList section */
	};
	rootObject = 9B6A85A31ADFDEFF00667170 /* Project object */;
}
